// !$*UTF8*$!
{
	archiveVersion = 1;
	classes = {
	};
	objectVersion = 46;
	objects = {

/* Begin PBXBuildFile section */
		2935162C1761DCC700A27FC6 /* libz.dylib in Frameworks */ = {isa = PBXBuildFile; fileRef = 2935162B1761DCC700A27FC6 /* libz.dylib */; };
		2935162E1761DCD400A27FC6 /* libzipkit.a in Frameworks */ = {isa = PBXBuildFile; fileRef = 2935162D1761DCD400A27FC6 /* libzipkit.a */; };
		293516601761FEFF00A27FC6 /* BlockActionSheet.m in Sources */ = {isa = PBXBuildFile; fileRef = 293516311761FEFF00A27FC6 /* BlockActionSheet.m */; };
		293516611761FEFF00A27FC6 /* BlockAlertView.m in Sources */ = {isa = PBXBuildFile; fileRef = 293516331761FEFF00A27FC6 /* BlockAlertView.m */; };
		293516621761FEFF00A27FC6 /* BlockBackground.m in Sources */ = {isa = PBXBuildFile; fileRef = 293516351761FEFF00A27FC6 /* BlockBackground.m */; };
		293516631761FEFF00A27FC6 /* BlockTableAlertView.m in Sources */ = {isa = PBXBuildFile; fileRef = 293516371761FEFF00A27FC6 /* BlockTableAlertView.m */; };
		293516641761FEFF00A27FC6 /* BlockTextPromptAlertView.m in Sources */ = {isa = PBXBuildFile; fileRef = 293516391761FEFF00A27FC6 /* BlockTextPromptAlertView.m */; };
		293516651761FEFF00A27FC6 /* action-black-button-selected.png in Resources */ = {isa = PBXBuildFile; fileRef = 2935163D1761FEFF00A27FC6 /* action-black-button-selected.png */; };
		293516661761FEFF00A27FC6 /* action-black-button-selected@2x.png in Resources */ = {isa = PBXBuildFile; fileRef = 2935163E1761FEFF00A27FC6 /* action-black-button-selected@2x.png */; };
		293516671761FEFF00A27FC6 /* action-black-button.png in Resources */ = {isa = PBXBuildFile; fileRef = 2935163F1761FEFF00A27FC6 /* action-black-button.png */; };
		293516681761FEFF00A27FC6 /* action-black-button@2x.png in Resources */ = {isa = PBXBuildFile; fileRef = 293516401761FEFF00A27FC6 /* action-black-button@2x.png */; };
		293516691761FEFF00A27FC6 /* action-gray-button-selected.png in Resources */ = {isa = PBXBuildFile; fileRef = 293516411761FEFF00A27FC6 /* action-gray-button-selected.png */; };
		2935166A1761FEFF00A27FC6 /* action-gray-button-selected@2x.png in Resources */ = {isa = PBXBuildFile; fileRef = 293516421761FEFF00A27FC6 /* action-gray-button-selected@2x.png */; };
		2935166B1761FEFF00A27FC6 /* action-gray-button.png in Resources */ = {isa = PBXBuildFile; fileRef = 293516431761FEFF00A27FC6 /* action-gray-button.png */; };
		2935166C1761FEFF00A27FC6 /* action-gray-button@2x.png in Resources */ = {isa = PBXBuildFile; fileRef = 293516441761FEFF00A27FC6 /* action-gray-button@2x.png */; };
		2935166D1761FEFF00A27FC6 /* action-red-button-selected.png in Resources */ = {isa = PBXBuildFile; fileRef = 293516451761FEFF00A27FC6 /* action-red-button-selected.png */; };
		2935166E1761FEFF00A27FC6 /* action-red-button-selected@2x.png in Resources */ = {isa = PBXBuildFile; fileRef = 293516461761FEFF00A27FC6 /* action-red-button-selected@2x.png */; };
		2935166F1761FEFF00A27FC6 /* action-red-button.png in Resources */ = {isa = PBXBuildFile; fileRef = 293516471761FEFF00A27FC6 /* action-red-button.png */; };
		293516701761FEFF00A27FC6 /* action-red-button@2x.png in Resources */ = {isa = PBXBuildFile; fileRef = 293516481761FEFF00A27FC6 /* action-red-button@2x.png */; };
		293516711761FEFF00A27FC6 /* action-sheet-panel.png in Resources */ = {isa = PBXBuildFile; fileRef = 293516491761FEFF00A27FC6 /* action-sheet-panel.png */; };
		293516721761FEFF00A27FC6 /* action-sheet-panel@2x.png in Resources */ = {isa = PBXBuildFile; fileRef = 2935164A1761FEFF00A27FC6 /* action-sheet-panel@2x.png */; };
		293516731761FEFF00A27FC6 /* alert-black-button.png in Resources */ = {isa = PBXBuildFile; fileRef = 2935164C1761FEFF00A27FC6 /* alert-black-button.png */; };
		293516741761FEFF00A27FC6 /* alert-black-button@2x.png in Resources */ = {isa = PBXBuildFile; fileRef = 2935164D1761FEFF00A27FC6 /* alert-black-button@2x.png */; };
		293516751761FEFF00A27FC6 /* alert-gray-button.png in Resources */ = {isa = PBXBuildFile; fileRef = 2935164E1761FEFF00A27FC6 /* alert-gray-button.png */; };
		293516761761FEFF00A27FC6 /* alert-gray-button@2x.png in Resources */ = {isa = PBXBuildFile; fileRef = 2935164F1761FEFF00A27FC6 /* alert-gray-button@2x.png */; };
		293516771761FEFF00A27FC6 /* alert-green-button.png in Resources */ = {isa = PBXBuildFile; fileRef = 293516501761FEFF00A27FC6 /* alert-green-button.png */; };
		293516781761FEFF00A27FC6 /* alert-green-button@2x.png in Resources */ = {isa = PBXBuildFile; fileRef = 293516511761FEFF00A27FC6 /* alert-green-button@2x.png */; };
		293516791761FEFF00A27FC6 /* alert-red-button.png in Resources */ = {isa = PBXBuildFile; fileRef = 293516521761FEFF00A27FC6 /* alert-red-button.png */; };
		2935167A1761FEFF00A27FC6 /* alert-red-button@2x.png in Resources */ = {isa = PBXBuildFile; fileRef = 293516531761FEFF00A27FC6 /* alert-red-button@2x.png */; };
		2935167B1761FEFF00A27FC6 /* alert-window-landscape.png in Resources */ = {isa = PBXBuildFile; fileRef = 293516541761FEFF00A27FC6 /* alert-window-landscape.png */; };
		2935167C1761FEFF00A27FC6 /* alert-window-landscape@2x.png in Resources */ = {isa = PBXBuildFile; fileRef = 293516551761FEFF00A27FC6 /* alert-window-landscape@2x.png */; };
		2935167D1761FEFF00A27FC6 /* alert-window.png in Resources */ = {isa = PBXBuildFile; fileRef = 293516561761FEFF00A27FC6 /* alert-window.png */; };
		2935167E1761FEFF00A27FC6 /* alert-window@2x.png in Resources */ = {isa = PBXBuildFile; fileRef = 293516571761FEFF00A27FC6 /* alert-window@2x.png */; };
		2935167F1761FEFF00A27FC6 /* alert-yellow-button.png in Resources */ = {isa = PBXBuildFile; fileRef = 293516581761FEFF00A27FC6 /* alert-yellow-button.png */; };
		293516801761FEFF00A27FC6 /* alert-yellow-button@2x.png in Resources */ = {isa = PBXBuildFile; fileRef = 293516591761FEFF00A27FC6 /* alert-yellow-button@2x.png */; };
		293516811761FEFF00A27FC6 /* arrived.png in Resources */ = {isa = PBXBuildFile; fileRef = 2935165A1761FEFF00A27FC6 /* arrived.png */; };
		293516821761FEFF00A27FC6 /* arrived@2x.png in Resources */ = {isa = PBXBuildFile; fileRef = 2935165B1761FEFF00A27FC6 /* arrived@2x.png */; };
		293516831761FEFF00A27FC6 /* button_grey.png in Resources */ = {isa = PBXBuildFile; fileRef = 2935165C1761FEFF00A27FC6 /* button_grey.png */; };
		293516841761FEFF00A27FC6 /* button_grey@2x.png in Resources */ = {isa = PBXBuildFile; fileRef = 2935165D1761FEFF00A27FC6 /* button_grey@2x.png */; };
		293516851761FEFF00A27FC6 /* button_red.png in Resources */ = {isa = PBXBuildFile; fileRef = 2935165E1761FEFF00A27FC6 /* button_red.png */; };
		293516861761FEFF00A27FC6 /* button_red@2x.png in Resources */ = {isa = PBXBuildFile; fileRef = 2935165F1761FEFF00A27FC6 /* button_red@2x.png */; };
		29469F7C1765E95400E517BB /* DatasourceManager.m in Sources */ = {isa = PBXBuildFile; fileRef = 29469F671765E95400E517BB /* DatasourceManager.m */; };
		29469F7D1765E95400E517BB /* ascending.png in Resources */ = {isa = PBXBuildFile; fileRef = 29469F691765E95400E517BB /* ascending.png */; };
		29469F7E1765E95400E517BB /* descending.png in Resources */ = {isa = PBXBuildFile; fileRef = 29469F6A1765E95400E517BB /* descending.png */; };
		29469F7F1765E95400E517BB /* Document512.png in Resources */ = {isa = PBXBuildFile; fileRef = 29469F6B1765E95400E517BB /* Document512.png */; };
		29469F801765E95400E517BB /* Document56.png in Resources */ = {isa = PBXBuildFile; fileRef = 29469F6C1765E95400E517BB /* Document56.png */; };
		29469F811765E95400E517BB /* Folder512.png in Resources */ = {isa = PBXBuildFile; fileRef = 29469F6D1765E95400E517BB /* Folder512.png */; };
		29469F821765E95400E517BB /* Folder56.png in Resources */ = {isa = PBXBuildFile; fileRef = 29469F6E1765E95400E517BB /* Folder56.png */; };
		29469F831765E95400E517BB /* Triangle.png in Resources */ = {isa = PBXBuildFile; fileRef = 29469F6F1765E95400E517BB /* Triangle.png */; };
		29469F841765E95400E517BB /* TriangleSmall.png in Resources */ = {isa = PBXBuildFile; fileRef = 29469F701765E95400E517BB /* TriangleSmall.png */; };
		29469F851765E95400E517BB /* TriangleSmall2.png in Resources */ = {isa = PBXBuildFile; fileRef = 29469F711765E95400E517BB /* TriangleSmall2.png */; };
		29469F861765E95400E517BB /* N4File.m in Sources */ = {isa = PBXBuildFile; fileRef = 29469F731765E95400E517BB /* N4File.m */; };
		29469F871765E95400E517BB /* N4FileView.m in Sources */ = {isa = PBXBuildFile; fileRef = 29469F751765E95400E517BB /* N4FileView.m */; };
		29469F881765E95400E517BB /* N4PromptAlertView.m in Sources */ = {isa = PBXBuildFile; fileRef = 29469F771765E95400E517BB /* N4PromptAlertView.m */; };
		29469F891765E95400E517BB /* SorterViewController.m in Sources */ = {isa = PBXBuildFile; fileRef = 29469F791765E95400E517BB /* SorterViewController.m */; };
		29469F8A1765E95400E517BB /* ViewCell.m in Sources */ = {isa = PBXBuildFile; fileRef = 29469F7B1765E95400E517BB /* ViewCell.m */; };
		29469F8E1765E9D600E517BB /* MovepopVC.m in Sources */ = {isa = PBXBuildFile; fileRef = 29469F8B1765E9D600E517BB /* MovepopVC.m */; };
		29469F8F1765E9D600E517BB /* MovepopVC.xib in Resources */ = {isa = PBXBuildFile; fileRef = 29469F8D1765E9D600E517BB /* MovepopVC.xib */; };
		29469F911765F9F800E517BB /* Rename.png in Resources */ = {isa = PBXBuildFile; fileRef = 29469F901765F9F800E517BB /* Rename.png */; };
		29558C62176F1CE500CDF370 /* grid_folder.png in Resources */ = {isa = PBXBuildFile; fileRef = 29558C61176F1CE500CDF370 /* grid_folder.png */; };
		29558C64176F50AA00CDF370 /* grid_file.png in Resources */ = {isa = PBXBuildFile; fileRef = 29558C63176F50AA00CDF370 /* grid_file.png */; };
		29558C6617702EDA00CDF370 /* grid_checkmark.png in Resources */ = {isa = PBXBuildFile; fileRef = 29558C6517702EDA00CDF370 /* grid_checkmark.png */; };
		29558CD117704C2800CDF370 /* grid_checkmarkbox.png in Resources */ = {isa = PBXBuildFile; fileRef = 29558CD017704C2800CDF370 /* grid_checkmarkbox.png */; };
		29A9EAA0175DD5BD00F59A3B /* UIKit.framework in Frameworks */ = {isa = PBXBuildFile; fileRef = 29A9EA9F175DD5BD00F59A3B /* UIKit.framework */; };
		29A9EAA2175DD5BD00F59A3B /* Foundation.framework in Frameworks */ = {isa = PBXBuildFile; fileRef = 29A9EAA1175DD5BD00F59A3B /* Foundation.framework */; };
		29A9EAA4175DD5BD00F59A3B /* CoreGraphics.framework in Frameworks */ = {isa = PBXBuildFile; fileRef = 29A9EAA3175DD5BD00F59A3B /* CoreGraphics.framework */; };
		29A9EAAA175DD5BD00F59A3B /* InfoPlist.strings in Resources */ = {isa = PBXBuildFile; fileRef = 29A9EAA8175DD5BD00F59A3B /* InfoPlist.strings */; };
		29A9EAAC175DD5BD00F59A3B /* main.m in Sources */ = {isa = PBXBuildFile; fileRef = 29A9EAAB175DD5BD00F59A3B /* main.m */; };
		29A9EAB0175DD5BD00F59A3B /* AppDelegate.m in Sources */ = {isa = PBXBuildFile; fileRef = 29A9EAAF175DD5BD00F59A3B /* AppDelegate.m */; };
		29A9EAB2175DD5BD00F59A3B /* Default.png in Resources */ = {isa = PBXBuildFile; fileRef = 29A9EAB1175DD5BD00F59A3B /* Default.png */; };
		29A9EAB4175DD5BD00F59A3B /* Default@2x.png in Resources */ = {isa = PBXBuildFile; fileRef = 29A9EAB3175DD5BD00F59A3B /* Default@2x.png */; };
		29A9EAB6175DD5BD00F59A3B /* Default-568h@2x.png in Resources */ = {isa = PBXBuildFile; fileRef = 29A9EAB5175DD5BD00F59A3B /* Default-568h@2x.png */; };
		29A9EAB9175DD5BD00F59A3B /* ViewController.m in Sources */ = {isa = PBXBuildFile; fileRef = 29A9EAB8175DD5BD00F59A3B /* ViewController.m */; };
		29A9EABC175DD5BD00F59A3B /* ViewController.xib in Resources */ = {isa = PBXBuildFile; fileRef = 29A9EABA175DD5BD00F59A3B /* ViewController.xib */; };
		29A9EB3A175DD77A00F59A3B /* 3gp.png in Resources */ = {isa = PBXBuildFile; fileRef = 29A9EAC4175DD77900F59A3B /* 3gp.png */; };
		29A9EB3B175DD77A00F59A3B /* 3gp_hover.png in Resources */ = {isa = PBXBuildFile; fileRef = 29A9EAC5175DD77900F59A3B /* 3gp_hover.png */; };
		29A9EB3C175DD77A00F59A3B /* add.png in Resources */ = {isa = PBXBuildFile; fileRef = 29A9EAC6175DD77900F59A3B /* add.png */; };
		29A9EB3D175DD77A00F59A3B /* avi.png in Resources */ = {isa = PBXBuildFile; fileRef = 29A9EAC7175DD77900F59A3B /* avi.png */; };
		29A9EB3E175DD77A00F59A3B /* avi_hover.png in Resources */ = {isa = PBXBuildFile; fileRef = 29A9EAC8175DD77900F59A3B /* avi_hover.png */; };
		29A9EB3F175DD77A00F59A3B /* bg.png in Resources */ = {isa = PBXBuildFile; fileRef = 29A9EAC9175DD77900F59A3B /* bg.png */; };
		29A9EB40175DD77A00F59A3B /* bg_hover.png in Resources */ = {isa = PBXBuildFile; fileRef = 29A9EACA175DD77900F59A3B /* bg_hover.png */; };
		29A9EB41175DD77A00F59A3B /* bmp.png in Resources */ = {isa = PBXBuildFile; fileRef = 29A9EACB175DD77900F59A3B /* bmp.png */; };
		29A9EB42175DD77A00F59A3B /* bmp_hover.png in Resources */ = {isa = PBXBuildFile; fileRef = 29A9EACC175DD77900F59A3B /* bmp_hover.png */; };
		29A9EB43175DD77A00F59A3B /* default.png in Resources */ = {isa = PBXBuildFile; fileRef = 29A9EACD175DD77900F59A3B /* default.png */; };
		29A9EB44175DD77A00F59A3B /* default_hover.png in Resources */ = {isa = PBXBuildFile; fileRef = 29A9EACE175DD77900F59A3B /* default_hover.png */; };
		29A9EB45175DD77A00F59A3B /* doc.png in Resources */ = {isa = PBXBuildFile; fileRef = 29A9EACF175DD77900F59A3B /* doc.png */; };
		29A9EB46175DD77A00F59A3B /* doc_hover.png in Resources */ = {isa = PBXBuildFile; fileRef = 29A9EAD0175DD77900F59A3B /* doc_hover.png */; };
		29A9EB47175DD77A00F59A3B /* docx.png in Resources */ = {isa = PBXBuildFile; fileRef = 29A9EAD1175DD77900F59A3B /* docx.png */; };
		29A9EB48175DD77A00F59A3B /* docx_hover.png in Resources */ = {isa = PBXBuildFile; fileRef = 29A9EAD2175DD77900F59A3B /* docx_hover.png */; };
		29A9EB49175DD77A00F59A3B /* doneing.png in Resources */ = {isa = PBXBuildFile; fileRef = 29A9EAD3175DD77900F59A3B /* doneing.png */; };
		29A9EB4A175DD77A00F59A3B /* epub.png in Resources */ = {isa = PBXBuildFile; fileRef = 29A9EAD4175DD77900F59A3B /* epub.png */; };
		29A9EB4B175DD77A00F59A3B /* epub_hover.png in Resources */ = {isa = PBXBuildFile; fileRef = 29A9EAD5175DD77900F59A3B /* epub_hover.png */; };
		29A9EB4C175DD77A00F59A3B /* excel.png in Resources */ = {isa = PBXBuildFile; fileRef = 29A9EAD6175DD77900F59A3B /* excel.png */; };
		29A9EB4D175DD77A00F59A3B /* excel_hover.png in Resources */ = {isa = PBXBuildFile; fileRef = 29A9EAD7175DD77900F59A3B /* excel_hover.png */; };
		29A9EB4E175DD77A00F59A3B /* file.png in Resources */ = {isa = PBXBuildFile; fileRef = 29A9EAD8175DD77900F59A3B /* file.png */; };
		29A9EB4F175DD77A00F59A3B /* file_hover.png in Resources */ = {isa = PBXBuildFile; fileRef = 29A9EAD9175DD77900F59A3B /* file_hover.png */; };
		29A9EB50175DD77A00F59A3B /* flv.png in Resources */ = {isa = PBXBuildFile; fileRef = 29A9EADA175DD77900F59A3B /* flv.png */; };
		29A9EB51175DD77A00F59A3B /* flv_hover.png in Resources */ = {isa = PBXBuildFile; fileRef = 29A9EADB175DD77900F59A3B /* flv_hover.png */; };
		29A9EB52175DD77A00F59A3B /* folder.png in Resources */ = {isa = PBXBuildFile; fileRef = 29A9EADC175DD77900F59A3B /* folder.png */; };
		29A9EB53175DD77A00F59A3B /* folder_hover.png in Resources */ = {isa = PBXBuildFile; fileRef = 29A9EADD175DD77900F59A3B /* folder_hover.png */; };
		29A9EB54175DD77A00F59A3B /* google_drive_doc.png in Resources */ = {isa = PBXBuildFile; fileRef = 29A9EADE175DD77900F59A3B /* google_drive_doc.png */; };
		29A9EB55175DD77A00F59A3B /* google_drive_doc_hover.png in Resources */ = {isa = PBXBuildFile; fileRef = 29A9EADF175DD77900F59A3B /* google_drive_doc_hover.png */; };
		29A9EB56175DD77A00F59A3B /* html.png in Resources */ = {isa = PBXBuildFile; fileRef = 29A9EAE0175DD77900F59A3B /* html.png */; };
		29A9EB57175DD77A00F59A3B /* html_hover.png in Resources */ = {isa = PBXBuildFile; fileRef = 29A9EAE1175DD77900F59A3B /* html_hover.png */; };
		29A9EB58175DD77A00F59A3B /* jpeg.png in Resources */ = {isa = PBXBuildFile; fileRef = 29A9EAE2175DD77900F59A3B /* jpeg.png */; };
		29A9EB59175DD77A00F59A3B /* jpeg_hover.png in Resources */ = {isa = PBXBuildFile; fileRef = 29A9EAE3175DD77900F59A3B /* jpeg_hover.png */; };
		29A9EB5A175DD77A00F59A3B /* mp3.png in Resources */ = {isa = PBXBuildFile; fileRef = 29A9EAE4175DD77900F59A3B /* mp3.png */; };
		29A9EB5B175DD77A00F59A3B /* mp3_hover.png in Resources */ = {isa = PBXBuildFile; fileRef = 29A9EAE5175DD77900F59A3B /* mp3_hover.png */; };
		29A9EB5C175DD77A00F59A3B /* pdf.png in Resources */ = {isa = PBXBuildFile; fileRef = 29A9EAE6175DD77900F59A3B /* pdf.png */; };
		29A9EB5D175DD77A00F59A3B /* pdf_hover.png in Resources */ = {isa = PBXBuildFile; fileRef = 29A9EAE7175DD77900F59A3B /* pdf_hover.png */; };
		29A9EB5E175DD77A00F59A3B /* png.png in Resources */ = {isa = PBXBuildFile; fileRef = 29A9EAE8175DD77900F59A3B /* png.png */; };
		29A9EB5F175DD77A00F59A3B /* png_hover.png in Resources */ = {isa = PBXBuildFile; fileRef = 29A9EAE9175DD77900F59A3B /* png_hover.png */; };
		29A9EB60175DD77A00F59A3B /* ppt.png in Resources */ = {isa = PBXBuildFile; fileRef = 29A9EAEA175DD77900F59A3B /* ppt.png */; };
		29A9EB61175DD77A00F59A3B /* ppt_hover.png in Resources */ = {isa = PBXBuildFile; fileRef = 29A9EAEB175DD77900F59A3B /* ppt_hover.png */; };
		29A9EB62175DD77A00F59A3B /* wmv.png in Resources */ = {isa = PBXBuildFile; fileRef = 29A9EAEC175DD77900F59A3B /* wmv.png */; };
		29A9EB63175DD77A00F59A3B /* wmv_hover.png in Resources */ = {isa = PBXBuildFile; fileRef = 29A9EAED175DD77900F59A3B /* wmv_hover.png */; };
		29A9EB64175DD77A00F59A3B /* xml.png in Resources */ = {isa = PBXBuildFile; fileRef = 29A9EAEE175DD77900F59A3B /* xml.png */; };
		29A9EB65175DD77A00F59A3B /* xml_hover.png in Resources */ = {isa = PBXBuildFile; fileRef = 29A9EAEF175DD77900F59A3B /* xml_hover.png */; };
		29A9EB66175DD77A00F59A3B /* 3gp@2x.png in Resources */ = {isa = PBXBuildFile; fileRef = 29A9EAF1175DD77900F59A3B /* 3gp@2x.png */; };
		29A9EB67175DD77A00F59A3B /* 3gp_hover@2x.png in Resources */ = {isa = PBXBuildFile; fileRef = 29A9EAF2175DD77900F59A3B /* 3gp_hover@2x.png */; };
		29A9EB68175DD77A00F59A3B /* avi@2x.png in Resources */ = {isa = PBXBuildFile; fileRef = 29A9EAF3175DD77900F59A3B /* avi@2x.png */; };
		29A9EB69175DD77A00F59A3B /* avi_hover@2x.png in Resources */ = {isa = PBXBuildFile; fileRef = 29A9EAF4175DD77900F59A3B /* avi_hover@2x.png */; };
		29A9EB6A175DD77A00F59A3B /* bg@2x.png in Resources */ = {isa = PBXBuildFile; fileRef = 29A9EAF5175DD77900F59A3B /* bg@2x.png */; };
		29A9EB6B175DD77A00F59A3B /* bg_hover@2x.png in Resources */ = {isa = PBXBuildFile; fileRef = 29A9EAF6175DD77900F59A3B /* bg_hover@2x.png */; };
		29A9EB6C175DD77A00F59A3B /* bmp@2x.png in Resources */ = {isa = PBXBuildFile; fileRef = 29A9EAF7175DD77900F59A3B /* bmp@2x.png */; };
		29A9EB6D175DD77A00F59A3B /* bmp_hover@2x.png in Resources */ = {isa = PBXBuildFile; fileRef = 29A9EAF8175DD77900F59A3B /* bmp_hover@2x.png */; };
		29A9EB6E175DD77A00F59A3B /* default@2x.png in Resources */ = {isa = PBXBuildFile; fileRef = 29A9EAF9175DD77900F59A3B /* default@2x.png */; };
		29A9EB6F175DD77A00F59A3B /* default_hover@2x.png in Resources */ = {isa = PBXBuildFile; fileRef = 29A9EAFA175DD77900F59A3B /* default_hover@2x.png */; };
		29A9EB70175DD77A00F59A3B /* doc@2x.png in Resources */ = {isa = PBXBuildFile; fileRef = 29A9EAFB175DD77900F59A3B /* doc@2x.png */; };
		29A9EB71175DD77A00F59A3B /* doc_hover@2x.png in Resources */ = {isa = PBXBuildFile; fileRef = 29A9EAFC175DD77900F59A3B /* doc_hover@2x.png */; };
		29A9EB72175DD77A00F59A3B /* docx@2x.png in Resources */ = {isa = PBXBuildFile; fileRef = 29A9EAFD175DD77900F59A3B /* docx@2x.png */; };
		29A9EB73175DD77A00F59A3B /* docx_hover@2x.png in Resources */ = {isa = PBXBuildFile; fileRef = 29A9EAFE175DD77900F59A3B /* docx_hover@2x.png */; };
		29A9EB74175DD77A00F59A3B /* epub@2x.png in Resources */ = {isa = PBXBuildFile; fileRef = 29A9EAFF175DD77900F59A3B /* epub@2x.png */; };
		29A9EB75175DD77A00F59A3B /* epub_hover@2x.png in Resources */ = {isa = PBXBuildFile; fileRef = 29A9EB00175DD77900F59A3B /* epub_hover@2x.png */; };
		29A9EB76175DD77A00F59A3B /* excel@2x.png in Resources */ = {isa = PBXBuildFile; fileRef = 29A9EB01175DD77900F59A3B /* excel@2x.png */; };
		29A9EB77175DD77A00F59A3B /* excel_hover@2x.png in Resources */ = {isa = PBXBuildFile; fileRef = 29A9EB02175DD77900F59A3B /* excel_hover@2x.png */; };
		29A9EB78175DD77A00F59A3B /* file@2x.png in Resources */ = {isa = PBXBuildFile; fileRef = 29A9EB03175DD77900F59A3B /* file@2x.png */; };
		29A9EB79175DD77A00F59A3B /* file_hover@2x.png in Resources */ = {isa = PBXBuildFile; fileRef = 29A9EB04175DD77900F59A3B /* file_hover@2x.png */; };
		29A9EB7A175DD77A00F59A3B /* flv@2x.png in Resources */ = {isa = PBXBuildFile; fileRef = 29A9EB05175DD77900F59A3B /* flv@2x.png */; };
		29A9EB7B175DD77A00F59A3B /* flv_hover@2x.png in Resources */ = {isa = PBXBuildFile; fileRef = 29A9EB06175DD77900F59A3B /* flv_hover@2x.png */; };
		29A9EB7C175DD77A00F59A3B /* folder@2x.png in Resources */ = {isa = PBXBuildFile; fileRef = 29A9EB07175DD77900F59A3B /* folder@2x.png */; };
		29A9EB7D175DD77A00F59A3B /* folder_hover@2x.png in Resources */ = {isa = PBXBuildFile; fileRef = 29A9EB08175DD77900F59A3B /* folder_hover@2x.png */; };
		29A9EB7E175DD77A00F59A3B /* google_drive_doc@2x.png in Resources */ = {isa = PBXBuildFile; fileRef = 29A9EB09175DD77900F59A3B /* google_drive_doc@2x.png */; };
		29A9EB7F175DD77A00F59A3B /* google_drive_doc_hover@2x.png in Resources */ = {isa = PBXBuildFile; fileRef = 29A9EB0A175DD77900F59A3B /* google_drive_doc_hover@2x.png */; };
		29A9EB80175DD77A00F59A3B /* html@2x.png in Resources */ = {isa = PBXBuildFile; fileRef = 29A9EB0B175DD77A00F59A3B /* html@2x.png */; };
		29A9EB81175DD77A00F59A3B /* html_hover@2x.png in Resources */ = {isa = PBXBuildFile; fileRef = 29A9EB0C175DD77A00F59A3B /* html_hover@2x.png */; };
		29A9EB82175DD77A00F59A3B /* jpeg@2x.png in Resources */ = {isa = PBXBuildFile; fileRef = 29A9EB0D175DD77A00F59A3B /* jpeg@2x.png */; };
		29A9EB83175DD77A00F59A3B /* jpeg_hover@2x.png in Resources */ = {isa = PBXBuildFile; fileRef = 29A9EB0E175DD77A00F59A3B /* jpeg_hover@2x.png */; };
		29A9EB84175DD77A00F59A3B /* mp3@2x.png in Resources */ = {isa = PBXBuildFile; fileRef = 29A9EB0F175DD77A00F59A3B /* mp3@2x.png */; };
		29A9EB85175DD77A00F59A3B /* mp3_hover@2x.png in Resources */ = {isa = PBXBuildFile; fileRef = 29A9EB10175DD77A00F59A3B /* mp3_hover@2x.png */; };
		29A9EB86175DD77A00F59A3B /* pdf@2x.png in Resources */ = {isa = PBXBuildFile; fileRef = 29A9EB11175DD77A00F59A3B /* pdf@2x.png */; };
		29A9EB87175DD77A00F59A3B /* pdf_hover@2x.png in Resources */ = {isa = PBXBuildFile; fileRef = 29A9EB12175DD77A00F59A3B /* pdf_hover@2x.png */; };
		29A9EB88175DD77A00F59A3B /* png@2x.png in Resources */ = {isa = PBXBuildFile; fileRef = 29A9EB13175DD77A00F59A3B /* png@2x.png */; };
		29A9EB89175DD77A00F59A3B /* png_hover@2x.png in Resources */ = {isa = PBXBuildFile; fileRef = 29A9EB14175DD77A00F59A3B /* png_hover@2x.png */; };
		29A9EB8A175DD77A00F59A3B /* ppt@2x.png in Resources */ = {isa = PBXBuildFile; fileRef = 29A9EB15175DD77A00F59A3B /* ppt@2x.png */; };
		29A9EB8B175DD77A00F59A3B /* ppt_hover@2x.png in Resources */ = {isa = PBXBuildFile; fileRef = 29A9EB16175DD77A00F59A3B /* ppt_hover@2x.png */; };
		29A9EB8C175DD77A00F59A3B /* wmv@2x.png in Resources */ = {isa = PBXBuildFile; fileRef = 29A9EB17175DD77A00F59A3B /* wmv@2x.png */; };
		29A9EB8D175DD77A00F59A3B /* wmv_hover@2x.png in Resources */ = {isa = PBXBuildFile; fileRef = 29A9EB18175DD77A00F59A3B /* wmv_hover@2x.png */; };
		29A9EB8E175DD77A00F59A3B /* xml@2x.png in Resources */ = {isa = PBXBuildFile; fileRef = 29A9EB19175DD77A00F59A3B /* xml@2x.png */; };
		29A9EB8F175DD77A00F59A3B /* xml_hover@2x.png in Resources */ = {isa = PBXBuildFile; fileRef = 29A9EB1A175DD77A00F59A3B /* xml_hover@2x.png */; };
		29A9EB90175DD77A00F59A3B /* add1.png in Resources */ = {isa = PBXBuildFile; fileRef = 29A9EB1C175DD77A00F59A3B /* add1.png */; };
		29A9EB91175DD77A00F59A3B /* add1@2x.png in Resources */ = {isa = PBXBuildFile; fileRef = 29A9EB1D175DD77A00F59A3B /* add1@2x.png */; };
		29A9EB92175DD77A00F59A3B /* back.png in Resources */ = {isa = PBXBuildFile; fileRef = 29A9EB1E175DD77A00F59A3B /* back.png */; };
		29A9EB93175DD77A00F59A3B /* back@2x.png in Resources */ = {isa = PBXBuildFile; fileRef = 29A9EB1F175DD77A00F59A3B /* back@2x.png */; };
		29A9EB94175DD77A00F59A3B /* copy.png in Resources */ = {isa = PBXBuildFile; fileRef = 29A9EB20175DD77A00F59A3B /* copy.png */; };
		29A9EB95175DD77A00F59A3B /* copy@2x.png in Resources */ = {isa = PBXBuildFile; fileRef = 29A9EB21175DD77A00F59A3B /* copy@2x.png */; };
		29A9EB96175DD77A00F59A3B /* delet1.png in Resources */ = {isa = PBXBuildFile; fileRef = 29A9EB22175DD77A00F59A3B /* delet1.png */; };
		29A9EB98175DD77A00F59A3B /* deselect.png in Resources */ = {isa = PBXBuildFile; fileRef = 29A9EB24175DD77A00F59A3B /* deselect.png */; };
		29A9EB9A175DD77A00F59A3B /* done.png in Resources */ = {isa = PBXBuildFile; fileRef = 29A9EB26175DD77A00F59A3B /* done.png */; };
		29A9EB9C175DD77A00F59A3B /* download1.png in Resources */ = {isa = PBXBuildFile; fileRef = 29A9EB28175DD77A00F59A3B /* download1.png */; };
		29A9EB9D175DD77A00F59A3B /* download1@2x.png in Resources */ = {isa = PBXBuildFile; fileRef = 29A9EB29175DD77A00F59A3B /* download1@2x.png */; };
		29A9EB9E175DD77A00F59A3B /* edit.png in Resources */ = {isa = PBXBuildFile; fileRef = 29A9EB2A175DD77A00F59A3B /* edit.png */; };
		29A9EBA0175DD77A00F59A3B /* folder1.png in Resources */ = {isa = PBXBuildFile; fileRef = 29A9EB2C175DD77A00F59A3B /* folder1.png */; };
		29A9EBA2175DD77A00F59A3B /* mail.png in Resources */ = {isa = PBXBuildFile; fileRef = 29A9EB2E175DD77A00F59A3B /* mail.png */; };
		29A9EBA4175DD77A00F59A3B /* move.png in Resources */ = {isa = PBXBuildFile; fileRef = 29A9EB30175DD77A00F59A3B /* move.png */; };
		29A9EBA6175DD77A00F59A3B /* select_all.png in Resources */ = {isa = PBXBuildFile; fileRef = 29A9EB32175DD77A00F59A3B /* select_all.png */; };
		29A9EBA8175DD77A00F59A3B /* sorting.png in Resources */ = {isa = PBXBuildFile; fileRef = 29A9EB34175DD77A00F59A3B /* sorting.png */; };
		29A9EBA9175DD77A00F59A3B /* sorting@2x.png in Resources */ = {isa = PBXBuildFile; fileRef = 29A9EB35175DD77A00F59A3B /* sorting@2x.png */; };
		29A9EBAA175DD77A00F59A3B /* upload.png in Resources */ = {isa = PBXBuildFile; fileRef = 29A9EB36175DD77A00F59A3B /* upload.png */; };
		29A9EBAB175DD77A00F59A3B /* upload@2x.png in Resources */ = {isa = PBXBuildFile; fileRef = 29A9EB37175DD77A00F59A3B /* upload@2x.png */; };
		29A9EBAC175DD77A00F59A3B /* zip.png in Resources */ = {isa = PBXBuildFile; fileRef = 29A9EB38175DD77A00F59A3B /* zip.png */; };
		29A9EBB0175DD7ED00F59A3B /* black_bg.png in Resources */ = {isa = PBXBuildFile; fileRef = 29A9EBAE175DD7ED00F59A3B /* black_bg.png */; };
		29A9EBB1175DD7ED00F59A3B /* black_bg@2x.png in Resources */ = {isa = PBXBuildFile; fileRef = 29A9EBAF175DD7ED00F59A3B /* black_bg@2x.png */; };
		29A9EBB3175DDD8100F59A3B /* bg_bg1.png in Resources */ = {isa = PBXBuildFile; fileRef = 29A9EBB2175DDD8100F59A3B /* bg_bg1.png */; };
		29A9EBB8175DE1ED00F59A3B /* menu_l_active.png in Resources */ = {isa = PBXBuildFile; fileRef = 29A9EBB4175DE1EB00F59A3B /* menu_l_active.png */; };
		29A9EBB9175DE1ED00F59A3B /* menu_l.png in Resources */ = {isa = PBXBuildFile; fileRef = 29A9EBB5175DE1EB00F59A3B /* menu_l.png */; };
		29A9EBBA175DE1ED00F59A3B /* menu_r_active.png in Resources */ = {isa = PBXBuildFile; fileRef = 29A9EBB6175DE1EC00F59A3B /* menu_r_active.png */; };
		29A9EBBB175DE1ED00F59A3B /* menu_r.png in Resources */ = {isa = PBXBuildFile; fileRef = 29A9EBB7175DE1EC00F59A3B /* menu_r.png */; };
		29A9EBBD175E1DEE00F59A3B /* MobileCoreServices.framework in Frameworks */ = {isa = PBXBuildFile; fileRef = 29A9EBBC175E1DED00F59A3B /* MobileCoreServices.framework */; };
		29A9EBC1175F150400F59A3B /* QuartzCore.framework in Frameworks */ = {isa = PBXBuildFile; fileRef = 29A9EBC0175F150300F59A3B /* QuartzCore.framework */; };
		29BACED0177BEE1B00797E05 /* Refresh.png in Resources */ = {isa = PBXBuildFile; fileRef = 29BACECF177BEE1B00797E05 /* Refresh.png */; };
		29EA93F217608AFD00720843 /* MessageUI.framework in Frameworks */ = {isa = PBXBuildFile; fileRef = 29EA93F117608AFD00720843 /* MessageUI.framework */; };
		88F9B9C41792C53E00AEE420 /* SVProgressHUD.bundle in Resources */ = {isa = PBXBuildFile; fileRef = 88F9B9C11792C53E00AEE420 /* SVProgressHUD.bundle */; };
		88F9B9C51792C53E00AEE420 /* SVProgressHUD.m in Sources */ = {isa = PBXBuildFile; fileRef = 88F9B9C31792C53E00AEE420 /* SVProgressHUD.m */; settings = {COMPILER_FLAGS = "-fobjc-arc"; }; };
/* End PBXBuildFile section */

/* Begin PBXFileReference section */
		2935162B1761DCC700A27FC6 /* libz.dylib */ = {isa = PBXFileReference; lastKnownFileType = "compiled.mach-o.dylib"; name = libz.dylib; path = usr/lib/libz.dylib; sourceTree = SDKROOT; };
		2935162D1761DCD400A27FC6 /* libzipkit.a */ = {isa = PBXFileReference; lastKnownFileType = archive.ar; name = libzipkit.a; path = ZipKitLib/libzipkit.a; sourceTree = "<group>"; };
		293516301761FEFF00A27FC6 /* BlockActionSheet.h */ = {isa = PBXFileReference; fileEncoding = 4; lastKnownFileType = sourcecode.c.h; path = BlockActionSheet.h; sourceTree = "<group>"; };
		293516311761FEFF00A27FC6 /* BlockActionSheet.m */ = {isa = PBXFileReference; fileEncoding = 4; lastKnownFileType = sourcecode.c.objc; path = BlockActionSheet.m; sourceTree = "<group>"; };
		293516321761FEFF00A27FC6 /* BlockAlertView.h */ = {isa = PBXFileReference; fileEncoding = 4; lastKnownFileType = sourcecode.c.h; path = BlockAlertView.h; sourceTree = "<group>"; };
		293516331761FEFF00A27FC6 /* BlockAlertView.m */ = {isa = PBXFileReference; fileEncoding = 4; lastKnownFileType = sourcecode.c.objc; path = BlockAlertView.m; sourceTree = "<group>"; };
		293516341761FEFF00A27FC6 /* BlockBackground.h */ = {isa = PBXFileReference; fileEncoding = 4; lastKnownFileType = sourcecode.c.h; path = BlockBackground.h; sourceTree = "<group>"; };
		293516351761FEFF00A27FC6 /* BlockBackground.m */ = {isa = PBXFileReference; fileEncoding = 4; lastKnownFileType = sourcecode.c.objc; path = BlockBackground.m; sourceTree = "<group>"; };
		293516361761FEFF00A27FC6 /* BlockTableAlertView.h */ = {isa = PBXFileReference; fileEncoding = 4; lastKnownFileType = sourcecode.c.h; path = BlockTableAlertView.h; sourceTree = "<group>"; };
		293516371761FEFF00A27FC6 /* BlockTableAlertView.m */ = {isa = PBXFileReference; fileEncoding = 4; lastKnownFileType = sourcecode.c.objc; path = BlockTableAlertView.m; sourceTree = "<group>"; };
		293516381761FEFF00A27FC6 /* BlockTextPromptAlertView.h */ = {isa = PBXFileReference; fileEncoding = 4; lastKnownFileType = sourcecode.c.h; path = BlockTextPromptAlertView.h; sourceTree = "<group>"; };
		293516391761FEFF00A27FC6 /* BlockTextPromptAlertView.m */ = {isa = PBXFileReference; fileEncoding = 4; lastKnownFileType = sourcecode.c.objc; path = BlockTextPromptAlertView.m; sourceTree = "<group>"; };
		2935163A1761FEFF00A27FC6 /* BlockUI.h */ = {isa = PBXFileReference; fileEncoding = 4; lastKnownFileType = sourcecode.c.h; path = BlockUI.h; sourceTree = "<group>"; };
		2935163D1761FEFF00A27FC6 /* action-black-button-selected.png */ = {isa = PBXFileReference; lastKnownFileType = image.png; path = "action-black-button-selected.png"; sourceTree = "<group>"; };
		2935163E1761FEFF00A27FC6 /* action-black-button-selected@2x.png */ = {isa = PBXFileReference; lastKnownFileType = image.png; path = "action-black-button-selected@2x.png"; sourceTree = "<group>"; };
		2935163F1761FEFF00A27FC6 /* action-black-button.png */ = {isa = PBXFileReference; lastKnownFileType = image.png; path = "action-black-button.png"; sourceTree = "<group>"; };
		293516401761FEFF00A27FC6 /* action-black-button@2x.png */ = {isa = PBXFileReference; lastKnownFileType = image.png; path = "action-black-button@2x.png"; sourceTree = "<group>"; };
		293516411761FEFF00A27FC6 /* action-gray-button-selected.png */ = {isa = PBXFileReference; lastKnownFileType = image.png; path = "action-gray-button-selected.png"; sourceTree = "<group>"; };
		293516421761FEFF00A27FC6 /* action-gray-button-selected@2x.png */ = {isa = PBXFileReference; lastKnownFileType = image.png; path = "action-gray-button-selected@2x.png"; sourceTree = "<group>"; };
		293516431761FEFF00A27FC6 /* action-gray-button.png */ = {isa = PBXFileReference; lastKnownFileType = image.png; path = "action-gray-button.png"; sourceTree = "<group>"; };
		293516441761FEFF00A27FC6 /* action-gray-button@2x.png */ = {isa = PBXFileReference; lastKnownFileType = image.png; path = "action-gray-button@2x.png"; sourceTree = "<group>"; };
		293516451761FEFF00A27FC6 /* action-red-button-selected.png */ = {isa = PBXFileReference; lastKnownFileType = image.png; path = "action-red-button-selected.png"; sourceTree = "<group>"; };
		293516461761FEFF00A27FC6 /* action-red-button-selected@2x.png */ = {isa = PBXFileReference; lastKnownFileType = image.png; path = "action-red-button-selected@2x.png"; sourceTree = "<group>"; };
		293516471761FEFF00A27FC6 /* action-red-button.png */ = {isa = PBXFileReference; lastKnownFileType = image.png; path = "action-red-button.png"; sourceTree = "<group>"; };
		293516481761FEFF00A27FC6 /* action-red-button@2x.png */ = {isa = PBXFileReference; lastKnownFileType = image.png; path = "action-red-button@2x.png"; sourceTree = "<group>"; };
		293516491761FEFF00A27FC6 /* action-sheet-panel.png */ = {isa = PBXFileReference; lastKnownFileType = image.png; path = "action-sheet-panel.png"; sourceTree = "<group>"; };
		2935164A1761FEFF00A27FC6 /* action-sheet-panel@2x.png */ = {isa = PBXFileReference; lastKnownFileType = image.png; path = "action-sheet-panel@2x.png"; sourceTree = "<group>"; };
		2935164C1761FEFF00A27FC6 /* alert-black-button.png */ = {isa = PBXFileReference; lastKnownFileType = image.png; path = "alert-black-button.png"; sourceTree = "<group>"; };
		2935164D1761FEFF00A27FC6 /* alert-black-button@2x.png */ = {isa = PBXFileReference; lastKnownFileType = image.png; path = "alert-black-button@2x.png"; sourceTree = "<group>"; };
		2935164E1761FEFF00A27FC6 /* alert-gray-button.png */ = {isa = PBXFileReference; lastKnownFileType = image.png; path = "alert-gray-button.png"; sourceTree = "<group>"; };
		2935164F1761FEFF00A27FC6 /* alert-gray-button@2x.png */ = {isa = PBXFileReference; lastKnownFileType = image.png; path = "alert-gray-button@2x.png"; sourceTree = "<group>"; };
		293516501761FEFF00A27FC6 /* alert-green-button.png */ = {isa = PBXFileReference; lastKnownFileType = image.png; path = "alert-green-button.png"; sourceTree = "<group>"; };
		293516511761FEFF00A27FC6 /* alert-green-button@2x.png */ = {isa = PBXFileReference; lastKnownFileType = image.png; path = "alert-green-button@2x.png"; sourceTree = "<group>"; };
		293516521761FEFF00A27FC6 /* alert-red-button.png */ = {isa = PBXFileReference; lastKnownFileType = image.png; path = "alert-red-button.png"; sourceTree = "<group>"; };
		293516531761FEFF00A27FC6 /* alert-red-button@2x.png */ = {isa = PBXFileReference; lastKnownFileType = image.png; path = "alert-red-button@2x.png"; sourceTree = "<group>"; };
		293516541761FEFF00A27FC6 /* alert-window-landscape.png */ = {isa = PBXFileReference; lastKnownFileType = image.png; path = "alert-window-landscape.png"; sourceTree = "<group>"; };
		293516551761FEFF00A27FC6 /* alert-window-landscape@2x.png */ = {isa = PBXFileReference; lastKnownFileType = image.png; path = "alert-window-landscape@2x.png"; sourceTree = "<group>"; };
		293516561761FEFF00A27FC6 /* alert-window.png */ = {isa = PBXFileReference; lastKnownFileType = image.png; path = "alert-window.png"; sourceTree = "<group>"; };
		293516571761FEFF00A27FC6 /* alert-window@2x.png */ = {isa = PBXFileReference; lastKnownFileType = image.png; path = "alert-window@2x.png"; sourceTree = "<group>"; };
		293516581761FEFF00A27FC6 /* alert-yellow-button.png */ = {isa = PBXFileReference; lastKnownFileType = image.png; path = "alert-yellow-button.png"; sourceTree = "<group>"; };
		293516591761FEFF00A27FC6 /* alert-yellow-button@2x.png */ = {isa = PBXFileReference; lastKnownFileType = image.png; path = "alert-yellow-button@2x.png"; sourceTree = "<group>"; };
		2935165A1761FEFF00A27FC6 /* arrived.png */ = {isa = PBXFileReference; lastKnownFileType = image.png; path = arrived.png; sourceTree = "<group>"; };
		2935165B1761FEFF00A27FC6 /* arrived@2x.png */ = {isa = PBXFileReference; lastKnownFileType = image.png; path = "arrived@2x.png"; sourceTree = "<group>"; };
		2935165C1761FEFF00A27FC6 /* button_grey.png */ = {isa = PBXFileReference; lastKnownFileType = image.png; path = button_grey.png; sourceTree = "<group>"; };
		2935165D1761FEFF00A27FC6 /* button_grey@2x.png */ = {isa = PBXFileReference; lastKnownFileType = image.png; path = "button_grey@2x.png"; sourceTree = "<group>"; };
		2935165E1761FEFF00A27FC6 /* button_red.png */ = {isa = PBXFileReference; lastKnownFileType = image.png; path = button_red.png; sourceTree = "<group>"; };
		2935165F1761FEFF00A27FC6 /* button_red@2x.png */ = {isa = PBXFileReference; lastKnownFileType = image.png; path = "button_red@2x.png"; sourceTree = "<group>"; };
		29469F661765E95400E517BB /* DatasourceManager.h */ = {isa = PBXFileReference; fileEncoding = 4; lastKnownFileType = sourcecode.c.h; path = DatasourceManager.h; sourceTree = "<group>"; };
		29469F671765E95400E517BB /* DatasourceManager.m */ = {isa = PBXFileReference; fileEncoding = 4; lastKnownFileType = sourcecode.c.objc; path = DatasourceManager.m; sourceTree = "<group>"; };
		29469F691765E95400E517BB /* ascending.png */ = {isa = PBXFileReference; lastKnownFileType = image.png; path = ascending.png; sourceTree = "<group>"; };
		29469F6A1765E95400E517BB /* descending.png */ = {isa = PBXFileReference; lastKnownFileType = image.png; path = descending.png; sourceTree = "<group>"; };
		29469F6B1765E95400E517BB /* Document512.png */ = {isa = PBXFileReference; lastKnownFileType = image.png; path = Document512.png; sourceTree = "<group>"; };
		29469F6C1765E95400E517BB /* Document56.png */ = {isa = PBXFileReference; lastKnownFileType = image.png; path = Document56.png; sourceTree = "<group>"; };
		29469F6D1765E95400E517BB /* Folder512.png */ = {isa = PBXFileReference; lastKnownFileType = image.png; path = Folder512.png; sourceTree = "<group>"; };
		29469F6E1765E95400E517BB /* Folder56.png */ = {isa = PBXFileReference; lastKnownFileType = image.png; path = Folder56.png; sourceTree = "<group>"; };
		29469F6F1765E95400E517BB /* Triangle.png */ = {isa = PBXFileReference; lastKnownFileType = image.png; path = Triangle.png; sourceTree = "<group>"; };
		29469F701765E95400E517BB /* TriangleSmall.png */ = {isa = PBXFileReference; lastKnownFileType = image.png; path = TriangleSmall.png; sourceTree = "<group>"; };
		29469F711765E95400E517BB /* TriangleSmall2.png */ = {isa = PBXFileReference; lastKnownFileType = image.png; path = TriangleSmall2.png; sourceTree = "<group>"; };
		29469F721765E95400E517BB /* N4File.h */ = {isa = PBXFileReference; fileEncoding = 4; lastKnownFileType = sourcecode.c.h; path = N4File.h; sourceTree = "<group>"; };
		29469F731765E95400E517BB /* N4File.m */ = {isa = PBXFileReference; fileEncoding = 4; lastKnownFileType = sourcecode.c.objc; path = N4File.m; sourceTree = "<group>"; };
		29469F741765E95400E517BB /* N4FileView.h */ = {isa = PBXFileReference; fileEncoding = 4; lastKnownFileType = sourcecode.c.h; path = N4FileView.h; sourceTree = "<group>"; };
		29469F751765E95400E517BB /* N4FileView.m */ = {isa = PBXFileReference; fileEncoding = 4; lastKnownFileType = sourcecode.c.objc; path = N4FileView.m; sourceTree = "<group>"; };
		29469F761765E95400E517BB /* N4PromptAlertView.h */ = {isa = PBXFileReference; fileEncoding = 4; lastKnownFileType = sourcecode.c.h; path = N4PromptAlertView.h; sourceTree = "<group>"; };
		29469F771765E95400E517BB /* N4PromptAlertView.m */ = {isa = PBXFileReference; fileEncoding = 4; lastKnownFileType = sourcecode.c.objc; path = N4PromptAlertView.m; sourceTree = "<group>"; };
		29469F781765E95400E517BB /* SorterViewController.h */ = {isa = PBXFileReference; fileEncoding = 4; lastKnownFileType = sourcecode.c.h; path = SorterViewController.h; sourceTree = "<group>"; };
		29469F791765E95400E517BB /* SorterViewController.m */ = {isa = PBXFileReference; fileEncoding = 4; lastKnownFileType = sourcecode.c.objc; path = SorterViewController.m; sourceTree = "<group>"; };
		29469F7A1765E95400E517BB /* ViewCell.h */ = {isa = PBXFileReference; fileEncoding = 4; lastKnownFileType = sourcecode.c.h; path = ViewCell.h; sourceTree = "<group>"; };
		29469F7B1765E95400E517BB /* ViewCell.m */ = {isa = PBXFileReference; fileEncoding = 4; lastKnownFileType = sourcecode.c.objc; path = ViewCell.m; sourceTree = "<group>"; };
		29469F8B1765E9D600E517BB /* MovepopVC.m */ = {isa = PBXFileReference; fileEncoding = 4; lastKnownFileType = sourcecode.c.objc; path = MovepopVC.m; sourceTree = "<group>"; };
		29469F8C1765E9D600E517BB /* MovepopVC.h */ = {isa = PBXFileReference; fileEncoding = 4; lastKnownFileType = sourcecode.c.h; path = MovepopVC.h; sourceTree = "<group>"; };
		29469F8D1765E9D600E517BB /* MovepopVC.xib */ = {isa = PBXFileReference; fileEncoding = 4; lastKnownFileType = file.xib; path = MovepopVC.xib; sourceTree = "<group>"; };
		29469F901765F9F800E517BB /* Rename.png */ = {isa = PBXFileReference; lastKnownFileType = image.png; path = Rename.png; sourceTree = "<group>"; };
		29558C61176F1CE500CDF370 /* grid_folder.png */ = {isa = PBXFileReference; lastKnownFileType = image.png; path = grid_folder.png; sourceTree = "<group>"; };
		29558C63176F50AA00CDF370 /* grid_file.png */ = {isa = PBXFileReference; lastKnownFileType = image.png; path = grid_file.png; sourceTree = "<group>"; };
		29558C6517702EDA00CDF370 /* grid_checkmark.png */ = {isa = PBXFileReference; lastKnownFileType = image.png; path = grid_checkmark.png; sourceTree = "<group>"; };
		29558CD017704C2800CDF370 /* grid_checkmarkbox.png */ = {isa = PBXFileReference; lastKnownFileType = image.png; path = grid_checkmarkbox.png; sourceTree = "<group>"; };
		29A9EA9C175DD5BC00F59A3B /* FileSystem.app */ = {isa = PBXFileReference; explicitFileType = wrapper.application; includeInIndex = 0; path = FileSystem.app; sourceTree = BUILT_PRODUCTS_DIR; };
		29A9EA9F175DD5BD00F59A3B /* UIKit.framework */ = {isa = PBXFileReference; lastKnownFileType = wrapper.framework; name = UIKit.framework; path = System/Library/Frameworks/UIKit.framework; sourceTree = SDKROOT; };
		29A9EAA1175DD5BD00F59A3B /* Foundation.framework */ = {isa = PBXFileReference; lastKnownFileType = wrapper.framework; name = Foundation.framework; path = System/Library/Frameworks/Foundation.framework; sourceTree = SDKROOT; };
		29A9EAA3175DD5BD00F59A3B /* CoreGraphics.framework */ = {isa = PBXFileReference; lastKnownFileType = wrapper.framework; name = CoreGraphics.framework; path = System/Library/Frameworks/CoreGraphics.framework; sourceTree = SDKROOT; };
		29A9EAA7175DD5BD00F59A3B /* FileSystem-Info.plist */ = {isa = PBXFileReference; lastKnownFileType = text.plist.xml; path = "FileSystem-Info.plist"; sourceTree = "<group>"; };
		29A9EAA9175DD5BD00F59A3B /* en */ = {isa = PBXFileReference; lastKnownFileType = text.plist.strings; name = en; path = en.lproj/InfoPlist.strings; sourceTree = "<group>"; };
		29A9EAAB175DD5BD00F59A3B /* main.m */ = {isa = PBXFileReference; lastKnownFileType = sourcecode.c.objc; path = main.m; sourceTree = "<group>"; };
		29A9EAAD175DD5BD00F59A3B /* FileSystem-Prefix.pch */ = {isa = PBXFileReference; lastKnownFileType = sourcecode.c.h; path = "FileSystem-Prefix.pch"; sourceTree = "<group>"; };
		29A9EAAE175DD5BD00F59A3B /* AppDelegate.h */ = {isa = PBXFileReference; lastKnownFileType = sourcecode.c.h; path = AppDelegate.h; sourceTree = "<group>"; };
		29A9EAAF175DD5BD00F59A3B /* AppDelegate.m */ = {isa = PBXFileReference; lastKnownFileType = sourcecode.c.objc; path = AppDelegate.m; sourceTree = "<group>"; };
		29A9EAB1175DD5BD00F59A3B /* Default.png */ = {isa = PBXFileReference; lastKnownFileType = image.png; path = Default.png; sourceTree = "<group>"; };
		29A9EAB3175DD5BD00F59A3B /* Default@2x.png */ = {isa = PBXFileReference; lastKnownFileType = image.png; path = "Default@2x.png"; sourceTree = "<group>"; };
		29A9EAB5175DD5BD00F59A3B /* Default-568h@2x.png */ = {isa = PBXFileReference; lastKnownFileType = image.png; path = "Default-568h@2x.png"; sourceTree = "<group>"; };
		29A9EAB7175DD5BD00F59A3B /* ViewController.h */ = {isa = PBXFileReference; lastKnownFileType = sourcecode.c.h; path = ViewController.h; sourceTree = "<group>"; };
		29A9EAB8175DD5BD00F59A3B /* ViewController.m */ = {isa = PBXFileReference; lastKnownFileType = sourcecode.c.objc; path = ViewController.m; sourceTree = "<group>"; };
		29A9EABB175DD5BD00F59A3B /* en */ = {isa = PBXFileReference; lastKnownFileType = file.xib; name = en; path = en.lproj/ViewController.xib; sourceTree = "<group>"; };
		29A9EAC4175DD77900F59A3B /* 3gp.png */ = {isa = PBXFileReference; lastKnownFileType = image.png; path = 3gp.png; sourceTree = "<group>"; };
		29A9EAC5175DD77900F59A3B /* 3gp_hover.png */ = {isa = PBXFileReference; lastKnownFileType = image.png; path = 3gp_hover.png; sourceTree = "<group>"; };
		29A9EAC6175DD77900F59A3B /* add.png */ = {isa = PBXFileReference; lastKnownFileType = image.png; path = add.png; sourceTree = "<group>"; };
		29A9EAC7175DD77900F59A3B /* avi.png */ = {isa = PBXFileReference; lastKnownFileType = image.png; path = avi.png; sourceTree = "<group>"; };
		29A9EAC8175DD77900F59A3B /* avi_hover.png */ = {isa = PBXFileReference; lastKnownFileType = image.png; path = avi_hover.png; sourceTree = "<group>"; };
		29A9EAC9175DD77900F59A3B /* bg.png */ = {isa = PBXFileReference; lastKnownFileType = image.png; path = bg.png; sourceTree = "<group>"; };
		29A9EACA175DD77900F59A3B /* bg_hover.png */ = {isa = PBXFileReference; lastKnownFileType = image.png; path = bg_hover.png; sourceTree = "<group>"; };
		29A9EACB175DD77900F59A3B /* bmp.png */ = {isa = PBXFileReference; lastKnownFileType = image.png; path = bmp.png; sourceTree = "<group>"; };
		29A9EACC175DD77900F59A3B /* bmp_hover.png */ = {isa = PBXFileReference; lastKnownFileType = image.png; path = bmp_hover.png; sourceTree = "<group>"; };
		29A9EACD175DD77900F59A3B /* default.png */ = {isa = PBXFileReference; lastKnownFileType = image.png; path = default.png; sourceTree = "<group>"; };
		29A9EACE175DD77900F59A3B /* default_hover.png */ = {isa = PBXFileReference; lastKnownFileType = image.png; path = default_hover.png; sourceTree = "<group>"; };
		29A9EACF175DD77900F59A3B /* doc.png */ = {isa = PBXFileReference; lastKnownFileType = image.png; path = doc.png; sourceTree = "<group>"; };
		29A9EAD0175DD77900F59A3B /* doc_hover.png */ = {isa = PBXFileReference; lastKnownFileType = image.png; path = doc_hover.png; sourceTree = "<group>"; };
		29A9EAD1175DD77900F59A3B /* docx.png */ = {isa = PBXFileReference; lastKnownFileType = image.png; path = docx.png; sourceTree = "<group>"; };
		29A9EAD2175DD77900F59A3B /* docx_hover.png */ = {isa = PBXFileReference; lastKnownFileType = image.png; path = docx_hover.png; sourceTree = "<group>"; };
		29A9EAD3175DD77900F59A3B /* doneing.png */ = {isa = PBXFileReference; lastKnownFileType = image.png; path = doneing.png; sourceTree = "<group>"; };
		29A9EAD4175DD77900F59A3B /* epub.png */ = {isa = PBXFileReference; lastKnownFileType = image.png; path = epub.png; sourceTree = "<group>"; };
		29A9EAD5175DD77900F59A3B /* epub_hover.png */ = {isa = PBXFileReference; lastKnownFileType = image.png; path = epub_hover.png; sourceTree = "<group>"; };
		29A9EAD6175DD77900F59A3B /* excel.png */ = {isa = PBXFileReference; lastKnownFileType = image.png; path = excel.png; sourceTree = "<group>"; };
		29A9EAD7175DD77900F59A3B /* excel_hover.png */ = {isa = PBXFileReference; lastKnownFileType = image.png; path = excel_hover.png; sourceTree = "<group>"; };
		29A9EAD8175DD77900F59A3B /* file.png */ = {isa = PBXFileReference; lastKnownFileType = image.png; path = file.png; sourceTree = "<group>"; };
		29A9EAD9175DD77900F59A3B /* file_hover.png */ = {isa = PBXFileReference; lastKnownFileType = image.png; path = file_hover.png; sourceTree = "<group>"; };
		29A9EADA175DD77900F59A3B /* flv.png */ = {isa = PBXFileReference; lastKnownFileType = image.png; path = flv.png; sourceTree = "<group>"; };
		29A9EADB175DD77900F59A3B /* flv_hover.png */ = {isa = PBXFileReference; lastKnownFileType = image.png; path = flv_hover.png; sourceTree = "<group>"; };
		29A9EADC175DD77900F59A3B /* folder.png */ = {isa = PBXFileReference; lastKnownFileType = image.png; path = folder.png; sourceTree = "<group>"; };
		29A9EADD175DD77900F59A3B /* folder_hover.png */ = {isa = PBXFileReference; lastKnownFileType = image.png; path = folder_hover.png; sourceTree = "<group>"; };
		29A9EADE175DD77900F59A3B /* google_drive_doc.png */ = {isa = PBXFileReference; lastKnownFileType = image.png; path = google_drive_doc.png; sourceTree = "<group>"; };
		29A9EADF175DD77900F59A3B /* google_drive_doc_hover.png */ = {isa = PBXFileReference; lastKnownFileType = image.png; path = google_drive_doc_hover.png; sourceTree = "<group>"; };
		29A9EAE0175DD77900F59A3B /* html.png */ = {isa = PBXFileReference; lastKnownFileType = image.png; path = html.png; sourceTree = "<group>"; };
		29A9EAE1175DD77900F59A3B /* html_hover.png */ = {isa = PBXFileReference; lastKnownFileType = image.png; path = html_hover.png; sourceTree = "<group>"; };
		29A9EAE2175DD77900F59A3B /* jpeg.png */ = {isa = PBXFileReference; lastKnownFileType = image.png; path = jpeg.png; sourceTree = "<group>"; };
		29A9EAE3175DD77900F59A3B /* jpeg_hover.png */ = {isa = PBXFileReference; lastKnownFileType = image.png; path = jpeg_hover.png; sourceTree = "<group>"; };
		29A9EAE4175DD77900F59A3B /* mp3.png */ = {isa = PBXFileReference; lastKnownFileType = image.png; path = mp3.png; sourceTree = "<group>"; };
		29A9EAE5175DD77900F59A3B /* mp3_hover.png */ = {isa = PBXFileReference; lastKnownFileType = image.png; path = mp3_hover.png; sourceTree = "<group>"; };
		29A9EAE6175DD77900F59A3B /* pdf.png */ = {isa = PBXFileReference; lastKnownFileType = image.png; path = pdf.png; sourceTree = "<group>"; };
		29A9EAE7175DD77900F59A3B /* pdf_hover.png */ = {isa = PBXFileReference; lastKnownFileType = image.png; path = pdf_hover.png; sourceTree = "<group>"; };
		29A9EAE8175DD77900F59A3B /* png.png */ = {isa = PBXFileReference; lastKnownFileType = image.png; path = png.png; sourceTree = "<group>"; };
		29A9EAE9175DD77900F59A3B /* png_hover.png */ = {isa = PBXFileReference; lastKnownFileType = image.png; path = png_hover.png; sourceTree = "<group>"; };
		29A9EAEA175DD77900F59A3B /* ppt.png */ = {isa = PBXFileReference; lastKnownFileType = image.png; path = ppt.png; sourceTree = "<group>"; };
		29A9EAEB175DD77900F59A3B /* ppt_hover.png */ = {isa = PBXFileReference; lastKnownFileType = image.png; path = ppt_hover.png; sourceTree = "<group>"; };
		29A9EAEC175DD77900F59A3B /* wmv.png */ = {isa = PBXFileReference; lastKnownFileType = image.png; path = wmv.png; sourceTree = "<group>"; };
		29A9EAED175DD77900F59A3B /* wmv_hover.png */ = {isa = PBXFileReference; lastKnownFileType = image.png; path = wmv_hover.png; sourceTree = "<group>"; };
		29A9EAEE175DD77900F59A3B /* xml.png */ = {isa = PBXFileReference; lastKnownFileType = image.png; path = xml.png; sourceTree = "<group>"; };
		29A9EAEF175DD77900F59A3B /* xml_hover.png */ = {isa = PBXFileReference; lastKnownFileType = image.png; path = xml_hover.png; sourceTree = "<group>"; };
		29A9EAF1175DD77900F59A3B /* 3gp@2x.png */ = {isa = PBXFileReference; lastKnownFileType = image.png; path = "3gp@2x.png"; sourceTree = "<group>"; };
		29A9EAF2175DD77900F59A3B /* 3gp_hover@2x.png */ = {isa = PBXFileReference; lastKnownFileType = image.png; path = "3gp_hover@2x.png"; sourceTree = "<group>"; };
		29A9EAF3175DD77900F59A3B /* avi@2x.png */ = {isa = PBXFileReference; lastKnownFileType = image.png; path = "avi@2x.png"; sourceTree = "<group>"; };
		29A9EAF4175DD77900F59A3B /* avi_hover@2x.png */ = {isa = PBXFileReference; lastKnownFileType = image.png; path = "avi_hover@2x.png"; sourceTree = "<group>"; };
		29A9EAF5175DD77900F59A3B /* bg@2x.png */ = {isa = PBXFileReference; lastKnownFileType = image.png; path = "bg@2x.png"; sourceTree = "<group>"; };
		29A9EAF6175DD77900F59A3B /* bg_hover@2x.png */ = {isa = PBXFileReference; lastKnownFileType = image.png; path = "bg_hover@2x.png"; sourceTree = "<group>"; };
		29A9EAF7175DD77900F59A3B /* bmp@2x.png */ = {isa = PBXFileReference; lastKnownFileType = image.png; path = "bmp@2x.png"; sourceTree = "<group>"; };
		29A9EAF8175DD77900F59A3B /* bmp_hover@2x.png */ = {isa = PBXFileReference; lastKnownFileType = image.png; path = "bmp_hover@2x.png"; sourceTree = "<group>"; };
		29A9EAF9175DD77900F59A3B /* default@2x.png */ = {isa = PBXFileReference; lastKnownFileType = image.png; path = "default@2x.png"; sourceTree = "<group>"; };
		29A9EAFA175DD77900F59A3B /* default_hover@2x.png */ = {isa = PBXFileReference; lastKnownFileType = image.png; path = "default_hover@2x.png"; sourceTree = "<group>"; };
		29A9EAFB175DD77900F59A3B /* doc@2x.png */ = {isa = PBXFileReference; lastKnownFileType = image.png; path = "doc@2x.png"; sourceTree = "<group>"; };
		29A9EAFC175DD77900F59A3B /* doc_hover@2x.png */ = {isa = PBXFileReference; lastKnownFileType = image.png; path = "doc_hover@2x.png"; sourceTree = "<group>"; };
		29A9EAFD175DD77900F59A3B /* docx@2x.png */ = {isa = PBXFileReference; lastKnownFileType = image.png; path = "docx@2x.png"; sourceTree = "<group>"; };
		29A9EAFE175DD77900F59A3B /* docx_hover@2x.png */ = {isa = PBXFileReference; lastKnownFileType = image.png; path = "docx_hover@2x.png"; sourceTree = "<group>"; };
		29A9EAFF175DD77900F59A3B /* epub@2x.png */ = {isa = PBXFileReference; lastKnownFileType = image.png; path = "epub@2x.png"; sourceTree = "<group>"; };
		29A9EB00175DD77900F59A3B /* epub_hover@2x.png */ = {isa = PBXFileReference; lastKnownFileType = image.png; path = "epub_hover@2x.png"; sourceTree = "<group>"; };
		29A9EB01175DD77900F59A3B /* excel@2x.png */ = {isa = PBXFileReference; lastKnownFileType = image.png; path = "excel@2x.png"; sourceTree = "<group>"; };
		29A9EB02175DD77900F59A3B /* excel_hover@2x.png */ = {isa = PBXFileReference; lastKnownFileType = image.png; path = "excel_hover@2x.png"; sourceTree = "<group>"; };
		29A9EB03175DD77900F59A3B /* file@2x.png */ = {isa = PBXFileReference; lastKnownFileType = image.png; path = "file@2x.png"; sourceTree = "<group>"; };
		29A9EB04175DD77900F59A3B /* file_hover@2x.png */ = {isa = PBXFileReference; lastKnownFileType = image.png; path = "file_hover@2x.png"; sourceTree = "<group>"; };
		29A9EB05175DD77900F59A3B /* flv@2x.png */ = {isa = PBXFileReference; lastKnownFileType = image.png; path = "flv@2x.png"; sourceTree = "<group>"; };
		29A9EB06175DD77900F59A3B /* flv_hover@2x.png */ = {isa = PBXFileReference; lastKnownFileType = image.png; path = "flv_hover@2x.png"; sourceTree = "<group>"; };
		29A9EB07175DD77900F59A3B /* folder@2x.png */ = {isa = PBXFileReference; lastKnownFileType = image.png; path = "folder@2x.png"; sourceTree = "<group>"; };
		29A9EB08175DD77900F59A3B /* folder_hover@2x.png */ = {isa = PBXFileReference; lastKnownFileType = image.png; path = "folder_hover@2x.png"; sourceTree = "<group>"; };
		29A9EB09175DD77900F59A3B /* google_drive_doc@2x.png */ = {isa = PBXFileReference; lastKnownFileType = image.png; path = "google_drive_doc@2x.png"; sourceTree = "<group>"; };
		29A9EB0A175DD77900F59A3B /* google_drive_doc_hover@2x.png */ = {isa = PBXFileReference; lastKnownFileType = image.png; path = "google_drive_doc_hover@2x.png"; sourceTree = "<group>"; };
		29A9EB0B175DD77A00F59A3B /* html@2x.png */ = {isa = PBXFileReference; lastKnownFileType = image.png; path = "html@2x.png"; sourceTree = "<group>"; };
		29A9EB0C175DD77A00F59A3B /* html_hover@2x.png */ = {isa = PBXFileReference; lastKnownFileType = image.png; path = "html_hover@2x.png"; sourceTree = "<group>"; };
		29A9EB0D175DD77A00F59A3B /* jpeg@2x.png */ = {isa = PBXFileReference; lastKnownFileType = image.png; path = "jpeg@2x.png"; sourceTree = "<group>"; };
		29A9EB0E175DD77A00F59A3B /* jpeg_hover@2x.png */ = {isa = PBXFileReference; lastKnownFileType = image.png; path = "jpeg_hover@2x.png"; sourceTree = "<group>"; };
		29A9EB0F175DD77A00F59A3B /* mp3@2x.png */ = {isa = PBXFileReference; lastKnownFileType = image.png; path = "mp3@2x.png"; sourceTree = "<group>"; };
		29A9EB10175DD77A00F59A3B /* mp3_hover@2x.png */ = {isa = PBXFileReference; lastKnownFileType = image.png; path = "mp3_hover@2x.png"; sourceTree = "<group>"; };
		29A9EB11175DD77A00F59A3B /* pdf@2x.png */ = {isa = PBXFileReference; lastKnownFileType = image.png; path = "pdf@2x.png"; sourceTree = "<group>"; };
		29A9EB12175DD77A00F59A3B /* pdf_hover@2x.png */ = {isa = PBXFileReference; lastKnownFileType = image.png; path = "pdf_hover@2x.png"; sourceTree = "<group>"; };
		29A9EB13175DD77A00F59A3B /* png@2x.png */ = {isa = PBXFileReference; lastKnownFileType = image.png; path = "png@2x.png"; sourceTree = "<group>"; };
		29A9EB14175DD77A00F59A3B /* png_hover@2x.png */ = {isa = PBXFileReference; lastKnownFileType = image.png; path = "png_hover@2x.png"; sourceTree = "<group>"; };
		29A9EB15175DD77A00F59A3B /* ppt@2x.png */ = {isa = PBXFileReference; lastKnownFileType = image.png; path = "ppt@2x.png"; sourceTree = "<group>"; };
		29A9EB16175DD77A00F59A3B /* ppt_hover@2x.png */ = {isa = PBXFileReference; lastKnownFileType = image.png; path = "ppt_hover@2x.png"; sourceTree = "<group>"; };
		29A9EB17175DD77A00F59A3B /* wmv@2x.png */ = {isa = PBXFileReference; lastKnownFileType = image.png; path = "wmv@2x.png"; sourceTree = "<group>"; };
		29A9EB18175DD77A00F59A3B /* wmv_hover@2x.png */ = {isa = PBXFileReference; lastKnownFileType = image.png; path = "wmv_hover@2x.png"; sourceTree = "<group>"; };
		29A9EB19175DD77A00F59A3B /* xml@2x.png */ = {isa = PBXFileReference; lastKnownFileType = image.png; path = "xml@2x.png"; sourceTree = "<group>"; };
		29A9EB1A175DD77A00F59A3B /* xml_hover@2x.png */ = {isa = PBXFileReference; lastKnownFileType = image.png; path = "xml_hover@2x.png"; sourceTree = "<group>"; };
		29A9EB1C175DD77A00F59A3B /* add1.png */ = {isa = PBXFileReference; lastKnownFileType = image.png; path = add1.png; sourceTree = "<group>"; };
		29A9EB1D175DD77A00F59A3B /* add1@2x.png */ = {isa = PBXFileReference; lastKnownFileType = image.png; path = "add1@2x.png"; sourceTree = "<group>"; };
		29A9EB1E175DD77A00F59A3B /* back.png */ = {isa = PBXFileReference; lastKnownFileType = image.png; path = back.png; sourceTree = "<group>"; };
		29A9EB1F175DD77A00F59A3B /* back@2x.png */ = {isa = PBXFileReference; lastKnownFileType = image.png; path = "back@2x.png"; sourceTree = "<group>"; };
		29A9EB20175DD77A00F59A3B /* copy.png */ = {isa = PBXFileReference; lastKnownFileType = image.png; path = copy.png; sourceTree = "<group>"; };
		29A9EB21175DD77A00F59A3B /* copy@2x.png */ = {isa = PBXFileReference; lastKnownFileType = image.png; path = "copy@2x.png"; sourceTree = "<group>"; };
		29A9EB22175DD77A00F59A3B /* delet1.png */ = {isa = PBXFileReference; lastKnownFileType = image.png; path = delet1.png; sourceTree = "<group>"; };
		29A9EB24175DD77A00F59A3B /* deselect.png */ = {isa = PBXFileReference; lastKnownFileType = image.png; path = deselect.png; sourceTree = "<group>"; };
		29A9EB26175DD77A00F59A3B /* done.png */ = {isa = PBXFileReference; lastKnownFileType = image.png; path = done.png; sourceTree = "<group>"; };
		29A9EB28175DD77A00F59A3B /* download1.png */ = {isa = PBXFileReference; lastKnownFileType = image.png; path = download1.png; sourceTree = "<group>"; };
		29A9EB29175DD77A00F59A3B /* download1@2x.png */ = {isa = PBXFileReference; lastKnownFileType = image.png; path = "download1@2x.png"; sourceTree = "<group>"; };
		29A9EB2A175DD77A00F59A3B /* edit.png */ = {isa = PBXFileReference; lastKnownFileType = image.png; path = edit.png; sourceTree = "<group>"; };
		29A9EB2C175DD77A00F59A3B /* folder1.png */ = {isa = PBXFileReference; lastKnownFileType = image.png; path = folder1.png; sourceTree = "<group>"; };
		29A9EB2E175DD77A00F59A3B /* mail.png */ = {isa = PBXFileReference; lastKnownFileType = image.png; path = mail.png; sourceTree = "<group>"; };
		29A9EB30175DD77A00F59A3B /* move.png */ = {isa = PBXFileReference; lastKnownFileType = image.png; path = move.png; sourceTree = "<group>"; };
		29A9EB32175DD77A00F59A3B /* select_all.png */ = {isa = PBXFileReference; lastKnownFileType = image.png; path = select_all.png; sourceTree = "<group>"; };
		29A9EB34175DD77A00F59A3B /* sorting.png */ = {isa = PBXFileReference; lastKnownFileType = image.png; path = sorting.png; sourceTree = "<group>"; };
		29A9EB35175DD77A00F59A3B /* sorting@2x.png */ = {isa = PBXFileReference; lastKnownFileType = image.png; path = "sorting@2x.png"; sourceTree = "<group>"; };
		29A9EB36175DD77A00F59A3B /* upload.png */ = {isa = PBXFileReference; lastKnownFileType = image.png; path = upload.png; sourceTree = "<group>"; };
		29A9EB37175DD77A00F59A3B /* upload@2x.png */ = {isa = PBXFileReference; lastKnownFileType = image.png; path = "upload@2x.png"; sourceTree = "<group>"; };
		29A9EB38175DD77A00F59A3B /* zip.png */ = {isa = PBXFileReference; lastKnownFileType = image.png; path = zip.png; sourceTree = "<group>"; };
		29A9EBAE175DD7ED00F59A3B /* black_bg.png */ = {isa = PBXFileReference; lastKnownFileType = image.png; path = black_bg.png; sourceTree = "<group>"; };
		29A9EBAF175DD7ED00F59A3B /* black_bg@2x.png */ = {isa = PBXFileReference; lastKnownFileType = image.png; path = "black_bg@2x.png"; sourceTree = "<group>"; };
		29A9EBB2175DDD8100F59A3B /* bg_bg1.png */ = {isa = PBXFileReference; lastKnownFileType = image.png; path = bg_bg1.png; sourceTree = "<group>"; };
		29A9EBB4175DE1EB00F59A3B /* menu_l_active.png */ = {isa = PBXFileReference; lastKnownFileType = image.png; path = menu_l_active.png; sourceTree = "<group>"; };
		29A9EBB5175DE1EB00F59A3B /* menu_l.png */ = {isa = PBXFileReference; lastKnownFileType = image.png; path = menu_l.png; sourceTree = "<group>"; };
		29A9EBB6175DE1EC00F59A3B /* menu_r_active.png */ = {isa = PBXFileReference; lastKnownFileType = image.png; path = menu_r_active.png; sourceTree = "<group>"; };
		29A9EBB7175DE1EC00F59A3B /* menu_r.png */ = {isa = PBXFileReference; lastKnownFileType = image.png; path = menu_r.png; sourceTree = "<group>"; };
		29A9EBBC175E1DED00F59A3B /* MobileCoreServices.framework */ = {isa = PBXFileReference; lastKnownFileType = wrapper.framework; name = MobileCoreServices.framework; path = System/Library/Frameworks/MobileCoreServices.framework; sourceTree = SDKROOT; };
		29A9EBC0175F150300F59A3B /* QuartzCore.framework */ = {isa = PBXFileReference; lastKnownFileType = wrapper.framework; name = QuartzCore.framework; path = System/Library/Frameworks/QuartzCore.framework; sourceTree = SDKROOT; };
		29BACECF177BEE1B00797E05 /* Refresh.png */ = {isa = PBXFileReference; lastKnownFileType = image.png; path = Refresh.png; sourceTree = "<group>"; };
		29EA93F117608AFD00720843 /* MessageUI.framework */ = {isa = PBXFileReference; lastKnownFileType = wrapper.framework; name = MessageUI.framework; path = System/Library/Frameworks/MessageUI.framework; sourceTree = SDKROOT; };
		88F9B9C11792C53E00AEE420 /* SVProgressHUD.bundle */ = {isa = PBXFileReference; lastKnownFileType = "wrapper.plug-in"; path = SVProgressHUD.bundle; sourceTree = "<group>"; };
		88F9B9C21792C53E00AEE420 /* SVProgressHUD.h */ = {isa = PBXFileReference; fileEncoding = 4; lastKnownFileType = sourcecode.c.h; path = SVProgressHUD.h; sourceTree = "<group>"; };
		88F9B9C31792C53E00AEE420 /* SVProgressHUD.m */ = {isa = PBXFileReference; fileEncoding = 4; lastKnownFileType = sourcecode.c.objc; path = SVProgressHUD.m; sourceTree = "<group>"; };
/* End PBXFileReference section */

/* Begin PBXFrameworksBuildPhase section */
		29A9EA99175DD5BC00F59A3B /* Frameworks */ = {
			isa = PBXFrameworksBuildPhase;
			buildActionMask = 2147483647;
			files = (
				2935162E1761DCD400A27FC6 /* libzipkit.a in Frameworks */,
				2935162C1761DCC700A27FC6 /* libz.dylib in Frameworks */,
				29EA93F217608AFD00720843 /* MessageUI.framework in Frameworks */,
				29A9EBC1175F150400F59A3B /* QuartzCore.framework in Frameworks */,
				29A9EBBD175E1DEE00F59A3B /* MobileCoreServices.framework in Frameworks */,
				29A9EAA0175DD5BD00F59A3B /* UIKit.framework in Frameworks */,
				29A9EAA2175DD5BD00F59A3B /* Foundation.framework in Frameworks */,
				29A9EAA4175DD5BD00F59A3B /* CoreGraphics.framework in Frameworks */,
			);
			runOnlyForDeploymentPostprocessing = 0;
		};
/* End PBXFrameworksBuildPhase section */

/* Begin PBXGroup section */
		2935162F1761FEFF00A27FC6 /* Block Alert */ = {
			isa = PBXGroup;
			children = (
				293516301761FEFF00A27FC6 /* BlockActionSheet.h */,
				293516311761FEFF00A27FC6 /* BlockActionSheet.m */,
				293516321761FEFF00A27FC6 /* BlockAlertView.h */,
				293516331761FEFF00A27FC6 /* BlockAlertView.m */,
				293516341761FEFF00A27FC6 /* BlockBackground.h */,
				293516351761FEFF00A27FC6 /* BlockBackground.m */,
				293516361761FEFF00A27FC6 /* BlockTableAlertView.h */,
				293516371761FEFF00A27FC6 /* BlockTableAlertView.m */,
				293516381761FEFF00A27FC6 /* BlockTextPromptAlertView.h */,
				293516391761FEFF00A27FC6 /* BlockTextPromptAlertView.m */,
				2935163A1761FEFF00A27FC6 /* BlockUI.h */,
				2935163B1761FEFF00A27FC6 /* images */,
			);
			path = "Block Alert";
			sourceTree = "<group>";
		};
		2935163B1761FEFF00A27FC6 /* images */ = {
			isa = PBXGroup;
			children = (
				2935163C1761FEFF00A27FC6 /* ActionSheet */,
				2935164B1761FEFF00A27FC6 /* AlertView */,
				2935165A1761FEFF00A27FC6 /* arrived.png */,
				2935165B1761FEFF00A27FC6 /* arrived@2x.png */,
				2935165C1761FEFF00A27FC6 /* button_grey.png */,
				2935165D1761FEFF00A27FC6 /* button_grey@2x.png */,
				2935165E1761FEFF00A27FC6 /* button_red.png */,
				2935165F1761FEFF00A27FC6 /* button_red@2x.png */,
			);
			path = images;
			sourceTree = "<group>";
		};
		2935163C1761FEFF00A27FC6 /* ActionSheet */ = {
			isa = PBXGroup;
			children = (
				2935163D1761FEFF00A27FC6 /* action-black-button-selected.png */,
				2935163E1761FEFF00A27FC6 /* action-black-button-selected@2x.png */,
				2935163F1761FEFF00A27FC6 /* action-black-button.png */,
				293516401761FEFF00A27FC6 /* action-black-button@2x.png */,
				293516411761FEFF00A27FC6 /* action-gray-button-selected.png */,
				293516421761FEFF00A27FC6 /* action-gray-button-selected@2x.png */,
				293516431761FEFF00A27FC6 /* action-gray-button.png */,
				293516441761FEFF00A27FC6 /* action-gray-button@2x.png */,
				293516451761FEFF00A27FC6 /* action-red-button-selected.png */,
				293516461761FEFF00A27FC6 /* action-red-button-selected@2x.png */,
				293516471761FEFF00A27FC6 /* action-red-button.png */,
				293516481761FEFF00A27FC6 /* action-red-button@2x.png */,
				293516491761FEFF00A27FC6 /* action-sheet-panel.png */,
				2935164A1761FEFF00A27FC6 /* action-sheet-panel@2x.png */,
			);
			path = ActionSheet;
			sourceTree = "<group>";
		};
		2935164B1761FEFF00A27FC6 /* AlertView */ = {
			isa = PBXGroup;
			children = (
				2935164C1761FEFF00A27FC6 /* alert-black-button.png */,
				2935164D1761FEFF00A27FC6 /* alert-black-button@2x.png */,
				2935164E1761FEFF00A27FC6 /* alert-gray-button.png */,
				2935164F1761FEFF00A27FC6 /* alert-gray-button@2x.png */,
				293516501761FEFF00A27FC6 /* alert-green-button.png */,
				293516511761FEFF00A27FC6 /* alert-green-button@2x.png */,
				293516521761FEFF00A27FC6 /* alert-red-button.png */,
				293516531761FEFF00A27FC6 /* alert-red-button@2x.png */,
				293516541761FEFF00A27FC6 /* alert-window-landscape.png */,
				293516551761FEFF00A27FC6 /* alert-window-landscape@2x.png */,
				293516561761FEFF00A27FC6 /* alert-window.png */,
				293516571761FEFF00A27FC6 /* alert-window@2x.png */,
				293516581761FEFF00A27FC6 /* alert-yellow-button.png */,
				293516591761FEFF00A27FC6 /* alert-yellow-button@2x.png */,
			);
			path = AlertView;
			sourceTree = "<group>";
		};
		29469F651765E95400E517BB /* MOVEPOPUP */ = {
			isa = PBXGroup;
			children = (
				29469F8C1765E9D600E517BB /* MovepopVC.h */,
				29469F8B1765E9D600E517BB /* MovepopVC.m */,
				29469F8D1765E9D600E517BB /* MovepopVC.xib */,
				29469F661765E95400E517BB /* DatasourceManager.h */,
				29469F671765E95400E517BB /* DatasourceManager.m */,
				29469F681765E95400E517BB /* MOVEPOPUPIMAGES */,
				29469F721765E95400E517BB /* N4File.h */,
				29469F731765E95400E517BB /* N4File.m */,
				29469F741765E95400E517BB /* N4FileView.h */,
				29469F751765E95400E517BB /* N4FileView.m */,
				29469F761765E95400E517BB /* N4PromptAlertView.h */,
				29469F771765E95400E517BB /* N4PromptAlertView.m */,
				29469F781765E95400E517BB /* SorterViewController.h */,
				29469F791765E95400E517BB /* SorterViewController.m */,
				29469F7A1765E95400E517BB /* ViewCell.h */,
				29469F7B1765E95400E517BB /* ViewCell.m */,
			);
			path = MOVEPOPUP;
			sourceTree = "<group>";
		};
		29469F681765E95400E517BB /* MOVEPOPUPIMAGES */ = {
			isa = PBXGroup;
			children = (
				29469F691765E95400E517BB /* ascending.png */,
				29469F6A1765E95400E517BB /* descending.png */,
				29469F6B1765E95400E517BB /* Document512.png */,
				29469F6C1765E95400E517BB /* Document56.png */,
				29469F6D1765E95400E517BB /* Folder512.png */,
				29469F6E1765E95400E517BB /* Folder56.png */,
				29469F6F1765E95400E517BB /* Triangle.png */,
				29469F701765E95400E517BB /* TriangleSmall.png */,
				29469F711765E95400E517BB /* TriangleSmall2.png */,
			);
			path = MOVEPOPUPIMAGES;
			sourceTree = "<group>";
		};
		29558C60176F1CE500CDF370 /* GRIDIMAGES */ = {
			isa = PBXGroup;
			children = (
				29BACECF177BEE1B00797E05 /* Refresh.png */,
				29558CD017704C2800CDF370 /* grid_checkmarkbox.png */,
				29558C6517702EDA00CDF370 /* grid_checkmark.png */,
				29558C63176F50AA00CDF370 /* grid_file.png */,
				29558C61176F1CE500CDF370 /* grid_folder.png */,
			);
			path = GRIDIMAGES;
			sourceTree = "<group>";
		};
		29A9EA93175DD5BC00F59A3B = {
			isa = PBXGroup;
			children = (
				2935162D1761DCD400A27FC6 /* libzipkit.a */,
				2935162B1761DCC700A27FC6 /* libz.dylib */,
				29EA93F117608AFD00720843 /* MessageUI.framework */,
				29A9EBC0175F150300F59A3B /* QuartzCore.framework */,
				29A9EBBC175E1DED00F59A3B /* MobileCoreServices.framework */,
				29A9EAA5175DD5BD00F59A3B /* FileSystem */,
				29A9EA9E175DD5BD00F59A3B /* Frameworks */,
				29A9EA9D175DD5BD00F59A3B /* Products */,
			);
			sourceTree = "<group>";
		};
		29A9EA9D175DD5BD00F59A3B /* Products */ = {
			isa = PBXGroup;
			children = (
				29A9EA9C175DD5BC00F59A3B /* FileSystem.app */,
			);
			name = Products;
			sourceTree = "<group>";
		};
		29A9EA9E175DD5BD00F59A3B /* Frameworks */ = {
			isa = PBXGroup;
			children = (
				29A9EA9F175DD5BD00F59A3B /* UIKit.framework */,
				29A9EAA1175DD5BD00F59A3B /* Foundation.framework */,
				29A9EAA3175DD5BD00F59A3B /* CoreGraphics.framework */,
			);
			name = Frameworks;
			sourceTree = "<group>";
		};
		29A9EAA5175DD5BD00F59A3B /* FileSystem */ = {
			isa = PBXGroup;
			children = (
				88F9B9C01792C53E00AEE420 /* SVProgressHUD */,
				29469F651765E95400E517BB /* MOVEPOPUP */,
				2935162F1761FEFF00A27FC6 /* Block Alert */,
				29A9EAC2175DD77900F59A3B /* FILESYSTEM */,
				29A9EB1B175DD77A00F59A3B /* TOOLBAR */,
				29558C60176F1CE500CDF370 /* GRIDIMAGES */,
				29A9EAAE175DD5BD00F59A3B /* AppDelegate.h */,
				29A9EAAF175DD5BD00F59A3B /* AppDelegate.m */,
				29A9EAB7175DD5BD00F59A3B /* ViewController.h */,
				29A9EAB8175DD5BD00F59A3B /* ViewController.m */,
				29A9EABA175DD5BD00F59A3B /* ViewController.xib */,
				29A9EAA6175DD5BD00F59A3B /* Supporting Files */,
			);
			path = FileSystem;
			sourceTree = "<group>";
		};
		29A9EAA6175DD5BD00F59A3B /* Supporting Files */ = {
			isa = PBXGroup;
			children = (
				29A9EAA7175DD5BD00F59A3B /* FileSystem-Info.plist */,
				29A9EAA8175DD5BD00F59A3B /* InfoPlist.strings */,
				29A9EAAB175DD5BD00F59A3B /* main.m */,
				29A9EAAD175DD5BD00F59A3B /* FileSystem-Prefix.pch */,
				29A9EAB1175DD5BD00F59A3B /* Default.png */,
				29A9EAB3175DD5BD00F59A3B /* Default@2x.png */,
				29A9EAB5175DD5BD00F59A3B /* Default-568h@2x.png */,
			);
			name = "Supporting Files";
			sourceTree = "<group>";
		};
		29A9EAC2175DD77900F59A3B /* FILESYSTEM */ = {
			isa = PBXGroup;
			children = (
				29A9EBAE175DD7ED00F59A3B /* black_bg.png */,
				29A9EBAF175DD7ED00F59A3B /* black_bg@2x.png */,
				29A9EAC3175DD77900F59A3B /* NORMAL */,
				29A9EAF0175DD77900F59A3B /* RETINA */,
			);
			path = FILESYSTEM;
			sourceTree = "<group>";
		};
		29A9EAC3175DD77900F59A3B /* NORMAL */ = {
			isa = PBXGroup;
			children = (
				29A9EAC4175DD77900F59A3B /* 3gp.png */,
				29A9EAC5175DD77900F59A3B /* 3gp_hover.png */,
				29A9EAC6175DD77900F59A3B /* add.png */,
				29A9EAC7175DD77900F59A3B /* avi.png */,
				29A9EAC8175DD77900F59A3B /* avi_hover.png */,
				29A9EAC9175DD77900F59A3B /* bg.png */,
				29A9EACA175DD77900F59A3B /* bg_hover.png */,
				29A9EACB175DD77900F59A3B /* bmp.png */,
				29A9EACC175DD77900F59A3B /* bmp_hover.png */,
				29A9EACD175DD77900F59A3B /* default.png */,
				29A9EACE175DD77900F59A3B /* default_hover.png */,
				29A9EACF175DD77900F59A3B /* doc.png */,
				29A9EAD0175DD77900F59A3B /* doc_hover.png */,
				29A9EAD1175DD77900F59A3B /* docx.png */,
				29A9EAD2175DD77900F59A3B /* docx_hover.png */,
				29A9EAD3175DD77900F59A3B /* doneing.png */,
				29A9EAD4175DD77900F59A3B /* epub.png */,
				29A9EAD5175DD77900F59A3B /* epub_hover.png */,
				29A9EAD6175DD77900F59A3B /* excel.png */,
				29A9EAD7175DD77900F59A3B /* excel_hover.png */,
				29A9EAD8175DD77900F59A3B /* file.png */,
				29A9EAD9175DD77900F59A3B /* file_hover.png */,
				29A9EADA175DD77900F59A3B /* flv.png */,
				29A9EADB175DD77900F59A3B /* flv_hover.png */,
				29A9EADC175DD77900F59A3B /* folder.png */,
				29A9EADD175DD77900F59A3B /* folder_hover.png */,
				29A9EADE175DD77900F59A3B /* google_drive_doc.png */,
				29A9EADF175DD77900F59A3B /* google_drive_doc_hover.png */,
				29A9EAE0175DD77900F59A3B /* html.png */,
				29A9EAE1175DD77900F59A3B /* html_hover.png */,
				29A9EAE2175DD77900F59A3B /* jpeg.png */,
				29A9EAE3175DD77900F59A3B /* jpeg_hover.png */,
				29A9EAE4175DD77900F59A3B /* mp3.png */,
				29A9EAE5175DD77900F59A3B /* mp3_hover.png */,
				29A9EAE6175DD77900F59A3B /* pdf.png */,
				29A9EAE7175DD77900F59A3B /* pdf_hover.png */,
				29A9EAE8175DD77900F59A3B /* png.png */,
				29A9EAE9175DD77900F59A3B /* png_hover.png */,
				29A9EAEA175DD77900F59A3B /* ppt.png */,
				29A9EAEB175DD77900F59A3B /* ppt_hover.png */,
				29A9EAEC175DD77900F59A3B /* wmv.png */,
				29A9EAED175DD77900F59A3B /* wmv_hover.png */,
				29A9EAEE175DD77900F59A3B /* xml.png */,
				29A9EAEF175DD77900F59A3B /* xml_hover.png */,
			);
			path = NORMAL;
			sourceTree = "<group>";
		};
		29A9EAF0175DD77900F59A3B /* RETINA */ = {
			isa = PBXGroup;
			children = (
				29A9EAF1175DD77900F59A3B /* 3gp@2x.png */,
				29A9EAF2175DD77900F59A3B /* 3gp_hover@2x.png */,
				29A9EAF3175DD77900F59A3B /* avi@2x.png */,
				29A9EAF4175DD77900F59A3B /* avi_hover@2x.png */,
				29A9EAF5175DD77900F59A3B /* bg@2x.png */,
				29A9EAF6175DD77900F59A3B /* bg_hover@2x.png */,
				29A9EAF7175DD77900F59A3B /* bmp@2x.png */,
				29A9EAF8175DD77900F59A3B /* bmp_hover@2x.png */,
				29A9EAF9175DD77900F59A3B /* default@2x.png */,
				29A9EAFA175DD77900F59A3B /* default_hover@2x.png */,
				29A9EAFB175DD77900F59A3B /* doc@2x.png */,
				29A9EAFC175DD77900F59A3B /* doc_hover@2x.png */,
				29A9EAFD175DD77900F59A3B /* docx@2x.png */,
				29A9EAFE175DD77900F59A3B /* docx_hover@2x.png */,
				29A9EAFF175DD77900F59A3B /* epub@2x.png */,
				29A9EB00175DD77900F59A3B /* epub_hover@2x.png */,
				29A9EB01175DD77900F59A3B /* excel@2x.png */,
				29A9EB02175DD77900F59A3B /* excel_hover@2x.png */,
				29A9EB03175DD77900F59A3B /* file@2x.png */,
				29A9EB04175DD77900F59A3B /* file_hover@2x.png */,
				29A9EB05175DD77900F59A3B /* flv@2x.png */,
				29A9EB06175DD77900F59A3B /* flv_hover@2x.png */,
				29A9EB07175DD77900F59A3B /* folder@2x.png */,
				29A9EB08175DD77900F59A3B /* folder_hover@2x.png */,
				29A9EB09175DD77900F59A3B /* google_drive_doc@2x.png */,
				29A9EB0A175DD77900F59A3B /* google_drive_doc_hover@2x.png */,
				29A9EB0B175DD77A00F59A3B /* html@2x.png */,
				29A9EB0C175DD77A00F59A3B /* html_hover@2x.png */,
				29A9EB0D175DD77A00F59A3B /* jpeg@2x.png */,
				29A9EB0E175DD77A00F59A3B /* jpeg_hover@2x.png */,
				29A9EB0F175DD77A00F59A3B /* mp3@2x.png */,
				29A9EB10175DD77A00F59A3B /* mp3_hover@2x.png */,
				29A9EB11175DD77A00F59A3B /* pdf@2x.png */,
				29A9EB12175DD77A00F59A3B /* pdf_hover@2x.png */,
				29A9EB13175DD77A00F59A3B /* png@2x.png */,
				29A9EB14175DD77A00F59A3B /* png_hover@2x.png */,
				29A9EB15175DD77A00F59A3B /* ppt@2x.png */,
				29A9EB16175DD77A00F59A3B /* ppt_hover@2x.png */,
				29A9EB17175DD77A00F59A3B /* wmv@2x.png */,
				29A9EB18175DD77A00F59A3B /* wmv_hover@2x.png */,
				29A9EB19175DD77A00F59A3B /* xml@2x.png */,
				29A9EB1A175DD77A00F59A3B /* xml_hover@2x.png */,
			);
			path = RETINA;
			sourceTree = "<group>";
		};
		29A9EB1B175DD77A00F59A3B /* TOOLBAR */ = {
			isa = PBXGroup;
			children = (
				29469F901765F9F800E517BB /* Rename.png */,
				29A9EBB4175DE1EB00F59A3B /* menu_l_active.png */,
				29A9EBB5175DE1EB00F59A3B /* menu_l.png */,
				29A9EBB6175DE1EC00F59A3B /* menu_r_active.png */,
				29A9EBB7175DE1EC00F59A3B /* menu_r.png */,
				29A9EBB2175DDD8100F59A3B /* bg_bg1.png */,
				29A9EB1C175DD77A00F59A3B /* add1.png */,
				29A9EB1D175DD77A00F59A3B /* add1@2x.png */,
				29A9EB1E175DD77A00F59A3B /* back.png */,
				29A9EB1F175DD77A00F59A3B /* back@2x.png */,
				29A9EB20175DD77A00F59A3B /* copy.png */,
				29A9EB21175DD77A00F59A3B /* copy@2x.png */,
				29A9EB22175DD77A00F59A3B /* delet1.png */,
				29A9EB24175DD77A00F59A3B /* deselect.png */,
				29A9EB26175DD77A00F59A3B /* done.png */,
				29A9EB28175DD77A00F59A3B /* download1.png */,
				29A9EB29175DD77A00F59A3B /* download1@2x.png */,
				29A9EB2A175DD77A00F59A3B /* edit.png */,
				29A9EB2C175DD77A00F59A3B /* folder1.png */,
				29A9EB2E175DD77A00F59A3B /* mail.png */,
				29A9EB30175DD77A00F59A3B /* move.png */,
				29A9EB32175DD77A00F59A3B /* select_all.png */,
				29A9EB34175DD77A00F59A3B /* sorting.png */,
				29A9EB35175DD77A00F59A3B /* sorting@2x.png */,
				29A9EB36175DD77A00F59A3B /* upload.png */,
				29A9EB37175DD77A00F59A3B /* upload@2x.png */,
				29A9EB38175DD77A00F59A3B /* zip.png */,
			);
			path = TOOLBAR;
			sourceTree = "<group>";
		};
		88F9B9C01792C53E00AEE420 /* SVProgressHUD */ = {
			isa = PBXGroup;
			children = (
				88F9B9C11792C53E00AEE420 /* SVProgressHUD.bundle */,
				88F9B9C21792C53E00AEE420 /* SVProgressHUD.h */,
				88F9B9C31792C53E00AEE420 /* SVProgressHUD.m */,
			);
			path = SVProgressHUD;
			sourceTree = "<group>";
		};
/* End PBXGroup section */

/* Begin PBXNativeTarget section */
		29A9EA9B175DD5BC00F59A3B /* FileSystem */ = {
			isa = PBXNativeTarget;
			buildConfigurationList = 29A9EABF175DD5BD00F59A3B /* Build configuration list for PBXNativeTarget "FileSystem" */;
			buildPhases = (
				29A9EA98175DD5BC00F59A3B /* Sources */,
				29A9EA99175DD5BC00F59A3B /* Frameworks */,
				29A9EA9A175DD5BC00F59A3B /* Resources */,
			);
			buildRules = (
			);
			dependencies = (
			);
			name = FileSystem;
			productName = FileSystem;
			productReference = 29A9EA9C175DD5BC00F59A3B /* FileSystem.app */;
			productType = "com.apple.product-type.application";
		};
/* End PBXNativeTarget section */

/* Begin PBXProject section */
		29A9EA94175DD5BC00F59A3B /* Project object */ = {
			isa = PBXProject;
			attributes = {
				LastUpgradeCheck = 0460;
				ORGANIZATIONNAME = Softweb;
			};
			buildConfigurationList = 29A9EA97175DD5BC00F59A3B /* Build configuration list for PBXProject "FileSystem" */;
			compatibilityVersion = "Xcode 3.2";
			developmentRegion = English;
			hasScannedForEncodings = 0;
			knownRegions = (
				en,
			);
			mainGroup = 29A9EA93175DD5BC00F59A3B;
			productRefGroup = 29A9EA9D175DD5BD00F59A3B /* Products */;
			projectDirPath = "";
			projectRoot = "";
			targets = (
				29A9EA9B175DD5BC00F59A3B /* FileSystem */,
			);
		};
/* End PBXProject section */

/* Begin PBXResourcesBuildPhase section */
		29A9EA9A175DD5BC00F59A3B /* Resources */ = {
			isa = PBXResourcesBuildPhase;
			buildActionMask = 2147483647;
			files = (
				29A9EAAA175DD5BD00F59A3B /* InfoPlist.strings in Resources */,
				29A9EAB2175DD5BD00F59A3B /* Default.png in Resources */,
				29A9EAB4175DD5BD00F59A3B /* Default@2x.png in Resources */,
				29A9EAB6175DD5BD00F59A3B /* Default-568h@2x.png in Resources */,
				29A9EABC175DD5BD00F59A3B /* ViewController.xib in Resources */,
				29A9EB3A175DD77A00F59A3B /* 3gp.png in Resources */,
				29A9EB3B175DD77A00F59A3B /* 3gp_hover.png in Resources */,
				29A9EB3C175DD77A00F59A3B /* add.png in Resources */,
				29A9EB3D175DD77A00F59A3B /* avi.png in Resources */,
				29A9EB3E175DD77A00F59A3B /* avi_hover.png in Resources */,
				29A9EB3F175DD77A00F59A3B /* bg.png in Resources */,
				29A9EB40175DD77A00F59A3B /* bg_hover.png in Resources */,
				29A9EB41175DD77A00F59A3B /* bmp.png in Resources */,
				29A9EB42175DD77A00F59A3B /* bmp_hover.png in Resources */,
				29A9EB43175DD77A00F59A3B /* default.png in Resources */,
				29A9EB44175DD77A00F59A3B /* default_hover.png in Resources */,
				29A9EB45175DD77A00F59A3B /* doc.png in Resources */,
				29A9EB46175DD77A00F59A3B /* doc_hover.png in Resources */,
				29A9EB47175DD77A00F59A3B /* docx.png in Resources */,
				29A9EB48175DD77A00F59A3B /* docx_hover.png in Resources */,
				29A9EB49175DD77A00F59A3B /* doneing.png in Resources */,
				29A9EB4A175DD77A00F59A3B /* epub.png in Resources */,
				29A9EB4B175DD77A00F59A3B /* epub_hover.png in Resources */,
				29A9EB4C175DD77A00F59A3B /* excel.png in Resources */,
				29A9EB4D175DD77A00F59A3B /* excel_hover.png in Resources */,
				29A9EB4E175DD77A00F59A3B /* file.png in Resources */,
				29A9EB4F175DD77A00F59A3B /* file_hover.png in Resources */,
				29A9EB50175DD77A00F59A3B /* flv.png in Resources */,
				29A9EB51175DD77A00F59A3B /* flv_hover.png in Resources */,
				29A9EB52175DD77A00F59A3B /* folder.png in Resources */,
				29A9EB53175DD77A00F59A3B /* folder_hover.png in Resources */,
				29A9EB54175DD77A00F59A3B /* google_drive_doc.png in Resources */,
				29A9EB55175DD77A00F59A3B /* google_drive_doc_hover.png in Resources */,
				29A9EB56175DD77A00F59A3B /* html.png in Resources */,
				29A9EB57175DD77A00F59A3B /* html_hover.png in Resources */,
				29A9EB58175DD77A00F59A3B /* jpeg.png in Resources */,
				29A9EB59175DD77A00F59A3B /* jpeg_hover.png in Resources */,
				29A9EB5A175DD77A00F59A3B /* mp3.png in Resources */,
				29A9EB5B175DD77A00F59A3B /* mp3_hover.png in Resources */,
				29A9EB5C175DD77A00F59A3B /* pdf.png in Resources */,
				29A9EB5D175DD77A00F59A3B /* pdf_hover.png in Resources */,
				29A9EB5E175DD77A00F59A3B /* png.png in Resources */,
				29A9EB5F175DD77A00F59A3B /* png_hover.png in Resources */,
				29A9EB60175DD77A00F59A3B /* ppt.png in Resources */,
				29A9EB61175DD77A00F59A3B /* ppt_hover.png in Resources */,
				29A9EB62175DD77A00F59A3B /* wmv.png in Resources */,
				29A9EB63175DD77A00F59A3B /* wmv_hover.png in Resources */,
				29A9EB64175DD77A00F59A3B /* xml.png in Resources */,
				29A9EB65175DD77A00F59A3B /* xml_hover.png in Resources */,
				29A9EB66175DD77A00F59A3B /* 3gp@2x.png in Resources */,
				29A9EB67175DD77A00F59A3B /* 3gp_hover@2x.png in Resources */,
				29A9EB68175DD77A00F59A3B /* avi@2x.png in Resources */,
				29A9EB69175DD77A00F59A3B /* avi_hover@2x.png in Resources */,
				29A9EB6A175DD77A00F59A3B /* bg@2x.png in Resources */,
				29A9EB6B175DD77A00F59A3B /* bg_hover@2x.png in Resources */,
				29A9EB6C175DD77A00F59A3B /* bmp@2x.png in Resources */,
				29A9EB6D175DD77A00F59A3B /* bmp_hover@2x.png in Resources */,
				29A9EB6E175DD77A00F59A3B /* default@2x.png in Resources */,
				29A9EB6F175DD77A00F59A3B /* default_hover@2x.png in Resources */,
				29A9EB70175DD77A00F59A3B /* doc@2x.png in Resources */,
				29A9EB71175DD77A00F59A3B /* doc_hover@2x.png in Resources */,
				29A9EB72175DD77A00F59A3B /* docx@2x.png in Resources */,
				29A9EB73175DD77A00F59A3B /* docx_hover@2x.png in Resources */,
				29A9EB74175DD77A00F59A3B /* epub@2x.png in Resources */,
				29A9EB75175DD77A00F59A3B /* epub_hover@2x.png in Resources */,
				29A9EB76175DD77A00F59A3B /* excel@2x.png in Resources */,
				29A9EB77175DD77A00F59A3B /* excel_hover@2x.png in Resources */,
				29A9EB78175DD77A00F59A3B /* file@2x.png in Resources */,
				29A9EB79175DD77A00F59A3B /* file_hover@2x.png in Resources */,
				29A9EB7A175DD77A00F59A3B /* flv@2x.png in Resources */,
				29A9EB7B175DD77A00F59A3B /* flv_hover@2x.png in Resources */,
				29A9EB7C175DD77A00F59A3B /* folder@2x.png in Resources */,
				29A9EB7D175DD77A00F59A3B /* folder_hover@2x.png in Resources */,
				29A9EB7E175DD77A00F59A3B /* google_drive_doc@2x.png in Resources */,
				29A9EB7F175DD77A00F59A3B /* google_drive_doc_hover@2x.png in Resources */,
				29A9EB80175DD77A00F59A3B /* html@2x.png in Resources */,
				29A9EB81175DD77A00F59A3B /* html_hover@2x.png in Resources */,
				29A9EB82175DD77A00F59A3B /* jpeg@2x.png in Resources */,
				29A9EB83175DD77A00F59A3B /* jpeg_hover@2x.png in Resources */,
				29A9EB84175DD77A00F59A3B /* mp3@2x.png in Resources */,
				29A9EB85175DD77A00F59A3B /* mp3_hover@2x.png in Resources */,
				29A9EB86175DD77A00F59A3B /* pdf@2x.png in Resources */,
				29A9EB87175DD77A00F59A3B /* pdf_hover@2x.png in Resources */,
				29A9EB88175DD77A00F59A3B /* png@2x.png in Resources */,
				29A9EB89175DD77A00F59A3B /* png_hover@2x.png in Resources */,
				29A9EB8A175DD77A00F59A3B /* ppt@2x.png in Resources */,
				29A9EB8B175DD77A00F59A3B /* ppt_hover@2x.png in Resources */,
				29A9EB8C175DD77A00F59A3B /* wmv@2x.png in Resources */,
				29A9EB8D175DD77A00F59A3B /* wmv_hover@2x.png in Resources */,
				29A9EB8E175DD77A00F59A3B /* xml@2x.png in Resources */,
				29A9EB8F175DD77A00F59A3B /* xml_hover@2x.png in Resources */,
				29A9EB90175DD77A00F59A3B /* add1.png in Resources */,
				29A9EB91175DD77A00F59A3B /* add1@2x.png in Resources */,
				29A9EB92175DD77A00F59A3B /* back.png in Resources */,
				29A9EB93175DD77A00F59A3B /* back@2x.png in Resources */,
				29A9EB94175DD77A00F59A3B /* copy.png in Resources */,
				29A9EB95175DD77A00F59A3B /* copy@2x.png in Resources */,
				29A9EB96175DD77A00F59A3B /* delet1.png in Resources */,
				29A9EB98175DD77A00F59A3B /* deselect.png in Resources */,
				29A9EB9A175DD77A00F59A3B /* done.png in Resources */,
				29A9EB9C175DD77A00F59A3B /* download1.png in Resources */,
				29A9EB9D175DD77A00F59A3B /* download1@2x.png in Resources */,
				29A9EB9E175DD77A00F59A3B /* edit.png in Resources */,
				29A9EBA0175DD77A00F59A3B /* folder1.png in Resources */,
				29A9EBA2175DD77A00F59A3B /* mail.png in Resources */,
				29A9EBA4175DD77A00F59A3B /* move.png in Resources */,
				29A9EBA6175DD77A00F59A3B /* select_all.png in Resources */,
				29A9EBA8175DD77A00F59A3B /* sorting.png in Resources */,
				29A9EBA9175DD77A00F59A3B /* sorting@2x.png in Resources */,
				29A9EBAA175DD77A00F59A3B /* upload.png in Resources */,
				29A9EBAB175DD77A00F59A3B /* upload@2x.png in Resources */,
				29A9EBAC175DD77A00F59A3B /* zip.png in Resources */,
				29A9EBB0175DD7ED00F59A3B /* black_bg.png in Resources */,
				29A9EBB1175DD7ED00F59A3B /* black_bg@2x.png in Resources */,
				29A9EBB3175DDD8100F59A3B /* bg_bg1.png in Resources */,
				29A9EBB8175DE1ED00F59A3B /* menu_l_active.png in Resources */,
				29A9EBB9175DE1ED00F59A3B /* menu_l.png in Resources */,
				29A9EBBA175DE1ED00F59A3B /* menu_r_active.png in Resources */,
				29A9EBBB175DE1ED00F59A3B /* menu_r.png in Resources */,
				293516651761FEFF00A27FC6 /* action-black-button-selected.png in Resources */,
				293516661761FEFF00A27FC6 /* action-black-button-selected@2x.png in Resources */,
				293516671761FEFF00A27FC6 /* action-black-button.png in Resources */,
				293516681761FEFF00A27FC6 /* action-black-button@2x.png in Resources */,
				293516691761FEFF00A27FC6 /* action-gray-button-selected.png in Resources */,
				2935166A1761FEFF00A27FC6 /* action-gray-button-selected@2x.png in Resources */,
				2935166B1761FEFF00A27FC6 /* action-gray-button.png in Resources */,
				2935166C1761FEFF00A27FC6 /* action-gray-button@2x.png in Resources */,
				2935166D1761FEFF00A27FC6 /* action-red-button-selected.png in Resources */,
				2935166E1761FEFF00A27FC6 /* action-red-button-selected@2x.png in Resources */,
				2935166F1761FEFF00A27FC6 /* action-red-button.png in Resources */,
				293516701761FEFF00A27FC6 /* action-red-button@2x.png in Resources */,
				293516711761FEFF00A27FC6 /* action-sheet-panel.png in Resources */,
				293516721761FEFF00A27FC6 /* action-sheet-panel@2x.png in Resources */,
				293516731761FEFF00A27FC6 /* alert-black-button.png in Resources */,
				293516741761FEFF00A27FC6 /* alert-black-button@2x.png in Resources */,
				293516751761FEFF00A27FC6 /* alert-gray-button.png in Resources */,
				293516761761FEFF00A27FC6 /* alert-gray-button@2x.png in Resources */,
				293516771761FEFF00A27FC6 /* alert-green-button.png in Resources */,
				293516781761FEFF00A27FC6 /* alert-green-button@2x.png in Resources */,
				293516791761FEFF00A27FC6 /* alert-red-button.png in Resources */,
				2935167A1761FEFF00A27FC6 /* alert-red-button@2x.png in Resources */,
				2935167B1761FEFF00A27FC6 /* alert-window-landscape.png in Resources */,
				2935167C1761FEFF00A27FC6 /* alert-window-landscape@2x.png in Resources */,
				2935167D1761FEFF00A27FC6 /* alert-window.png in Resources */,
				2935167E1761FEFF00A27FC6 /* alert-window@2x.png in Resources */,
				2935167F1761FEFF00A27FC6 /* alert-yellow-button.png in Resources */,
				293516801761FEFF00A27FC6 /* alert-yellow-button@2x.png in Resources */,
				293516811761FEFF00A27FC6 /* arrived.png in Resources */,
				293516821761FEFF00A27FC6 /* arrived@2x.png in Resources */,
				293516831761FEFF00A27FC6 /* button_grey.png in Resources */,
				293516841761FEFF00A27FC6 /* button_grey@2x.png in Resources */,
				293516851761FEFF00A27FC6 /* button_red.png in Resources */,
				293516861761FEFF00A27FC6 /* button_red@2x.png in Resources */,
				29469F7D1765E95400E517BB /* ascending.png in Resources */,
				29469F7E1765E95400E517BB /* descending.png in Resources */,
				29469F7F1765E95400E517BB /* Document512.png in Resources */,
				29469F801765E95400E517BB /* Document56.png in Resources */,
				29469F811765E95400E517BB /* Folder512.png in Resources */,
				29469F821765E95400E517BB /* Folder56.png in Resources */,
				29469F831765E95400E517BB /* Triangle.png in Resources */,
				29469F841765E95400E517BB /* TriangleSmall.png in Resources */,
				29469F851765E95400E517BB /* TriangleSmall2.png in Resources */,
				29469F8F1765E9D600E517BB /* MovepopVC.xib in Resources */,
				29469F911765F9F800E517BB /* Rename.png in Resources */,
				29558C62176F1CE500CDF370 /* grid_folder.png in Resources */,
				29558C64176F50AA00CDF370 /* grid_file.png in Resources */,
				29558C6617702EDA00CDF370 /* grid_checkmark.png in Resources */,
				29558CD117704C2800CDF370 /* grid_checkmarkbox.png in Resources */,
				29BACED0177BEE1B00797E05 /* Refresh.png in Resources */,
				88F9B9C41792C53E00AEE420 /* SVProgressHUD.bundle in Resources */,
			);
			runOnlyForDeploymentPostprocessing = 0;
		};
/* End PBXResourcesBuildPhase section */

/* Begin PBXSourcesBuildPhase section */
		29A9EA98175DD5BC00F59A3B /* Sources */ = {
			isa = PBXSourcesBuildPhase;
			buildActionMask = 2147483647;
			files = (
				29A9EAAC175DD5BD00F59A3B /* main.m in Sources */,
				29A9EAB0175DD5BD00F59A3B /* AppDelegate.m in Sources */,
				29A9EAB9175DD5BD00F59A3B /* ViewController.m in Sources */,
				293516601761FEFF00A27FC6 /* BlockActionSheet.m in Sources */,
				293516611761FEFF00A27FC6 /* BlockAlertView.m in Sources */,
				293516621761FEFF00A27FC6 /* BlockBackground.m in Sources */,
				293516631761FEFF00A27FC6 /* BlockTableAlertView.m in Sources */,
				293516641761FEFF00A27FC6 /* BlockTextPromptAlertView.m in Sources */,
				29469F7C1765E95400E517BB /* DatasourceManager.m in Sources */,
				29469F861765E95400E517BB /* N4File.m in Sources */,
				29469F871765E95400E517BB /* N4FileView.m in Sources */,
				29469F881765E95400E517BB /* N4PromptAlertView.m in Sources */,
				29469F891765E95400E517BB /* SorterViewController.m in Sources */,
				29469F8A1765E95400E517BB /* ViewCell.m in Sources */,
				29469F8E1765E9D600E517BB /* MovepopVC.m in Sources */,
				88F9B9C51792C53E00AEE420 /* SVProgressHUD.m in Sources */,
			);
			runOnlyForDeploymentPostprocessing = 0;
		};
/* End PBXSourcesBuildPhase section */

/* Begin PBXVariantGroup section */
		29A9EAA8175DD5BD00F59A3B /* InfoPlist.strings */ = {
			isa = PBXVariantGroup;
			children = (
				29A9EAA9175DD5BD00F59A3B /* en */,
			);
			name = InfoPlist.strings;
			sourceTree = "<group>";
		};
		29A9EABA175DD5BD00F59A3B /* ViewController.xib */ = {
			isa = PBXVariantGroup;
			children = (
				29A9EABB175DD5BD00F59A3B /* en */,
			);
			name = ViewController.xib;
			sourceTree = "<group>";
		};
/* End PBXVariantGroup section */

/* Begin XCBuildConfiguration section */
		29A9EABD175DD5BD00F59A3B /* Debug */ = {
			isa = XCBuildConfiguration;
			buildSettings = {
				ALWAYS_SEARCH_USER_PATHS = NO;
				CLANG_CXX_LANGUAGE_STANDARD = "gnu++0x";
				CLANG_CXX_LIBRARY = "libc++";
				CLANG_WARN_CONSTANT_CONVERSION = YES;
				CLANG_WARN_EMPTY_BODY = YES;
				CLANG_WARN_ENUM_CONVERSION = YES;
				CLANG_WARN_INT_CONVERSION = YES;
				CLANG_WARN__DUPLICATE_METHOD_MATCH = YES;
				CODE_SIGN_IDENTITY = "iPhone Developer: Ripal Vyas (XP58BH2CZS)";
				"CODE_SIGN_IDENTITY[sdk=iphoneos*]" = "iPhone Developer: Ripal Vyas (XP58BH2CZS)";
				COPY_PHASE_STRIP = NO;
				GCC_C_LANGUAGE_STANDARD = gnu99;
				GCC_DYNAMIC_NO_PIC = NO;
				GCC_OPTIMIZATION_LEVEL = 0;
				GCC_PREPROCESSOR_DEFINITIONS = (
					"DEBUG=1",
					"$(inherited)",
				);
				GCC_SYMBOLS_PRIVATE_EXTERN = NO;
				GCC_WARN_ABOUT_RETURN_TYPE = YES;
				GCC_WARN_UNINITIALIZED_AUTOS = YES;
				GCC_WARN_UNUSED_VARIABLE = YES;
				IPHONEOS_DEPLOYMENT_TARGET = 6.0;
				ONLY_ACTIVE_ARCH = YES;
				PROVISIONING_PROFILE = "2847BFC8-F222-49B0-8E1B-5594894A52A0";
				"PROVISIONING_PROFILE[sdk=iphoneos*]" = "2847BFC8-F222-49B0-8E1B-5594894A52A0";
				SDKROOT = iphoneos;
				TARGETED_DEVICE_FAMILY = 2;
			};
			name = Debug;
		};
		29A9EABE175DD5BD00F59A3B /* Release */ = {
			isa = XCBuildConfiguration;
			buildSettings = {
				ALWAYS_SEARCH_USER_PATHS = NO;
				CLANG_CXX_LANGUAGE_STANDARD = "gnu++0x";
				CLANG_CXX_LIBRARY = "libc++";
				CLANG_WARN_CONSTANT_CONVERSION = YES;
				CLANG_WARN_EMPTY_BODY = YES;
				CLANG_WARN_ENUM_CONVERSION = YES;
				CLANG_WARN_INT_CONVERSION = YES;
				CLANG_WARN__DUPLICATE_METHOD_MATCH = YES;
				CODE_SIGN_IDENTITY = "iPhone Developer: Ripal Vyas (XP58BH2CZS)";
				"CODE_SIGN_IDENTITY[sdk=iphoneos*]" = "iPhone Developer: Ripal Vyas (XP58BH2CZS)";
				COPY_PHASE_STRIP = YES;
				GCC_C_LANGUAGE_STANDARD = gnu99;
				GCC_WARN_ABOUT_RETURN_TYPE = YES;
				GCC_WARN_UNINITIALIZED_AUTOS = YES;
				GCC_WARN_UNUSED_VARIABLE = YES;
				IPHONEOS_DEPLOYMENT_TARGET = 6.0;
				OTHER_CFLAGS = "-DNS_BLOCK_ASSERTIONS=1";
				PROVISIONING_PROFILE = "2847BFC8-F222-49B0-8E1B-5594894A52A0";
				"PROVISIONING_PROFILE[sdk=iphoneos*]" = "2847BFC8-F222-49B0-8E1B-5594894A52A0";
				SDKROOT = iphoneos;
				TARGETED_DEVICE_FAMILY = 2;
				VALIDATE_PRODUCT = YES;
			};
			name = Release;
		};
		29A9EAC0175DD5BD00F59A3B /* Debug */ = {
			isa = XCBuildConfiguration;
			buildSettings = {
				CODE_SIGN_IDENTITY = "iPhone Developer: Ripal Vyas (XP58BH2CZS)";
				"CODE_SIGN_IDENTITY[sdk=iphoneos*]" = "iPhone Developer: Ripal Vyas (XP58BH2CZS)";
				GCC_PRECOMPILE_PREFIX_HEADER = YES;
				GCC_PREFIX_HEADER = "FileSystem/FileSystem-Prefix.pch";
				HEADER_SEARCH_PATHS = "";
				INFOPLIST_FILE = "FileSystem/FileSystem-Info.plist";
				LIBRARY_SEARCH_PATHS = (
					"$(inherited)",
					"\"$(SRCROOT)/ZipKitLib\"",
				);
				OTHER_LDFLAGS = "-ObjC";
				PRODUCT_NAME = "$(TARGET_NAME)";
				PROVISIONING_PROFILE = "2847BFC8-F222-49B0-8E1B-5594894A52A0";
				"PROVISIONING_PROFILE[sdk=iphoneos*]" = "2847BFC8-F222-49B0-8E1B-5594894A52A0";
				USER_HEADER_SEARCH_PATHS = ./ZipKitLib/;
				WRAPPER_EXTENSION = app;
			};
			name = Debug;
		};
		29A9EAC1175DD5BD00F59A3B /* Release */ = {
			isa = XCBuildConfiguration;
			buildSettings = {
				CODE_SIGN_IDENTITY = "iPhone Developer: Ripal Vyas (XP58BH2CZS)";
				"CODE_SIGN_IDENTITY[sdk=iphoneos*]" = "iPhone Developer: Ripal Vyas (XP58BH2CZS)";
				GCC_PRECOMPILE_PREFIX_HEADER = YES;
				GCC_PREFIX_HEADER = "FileSystem/FileSystem-Prefix.pch";
				HEADER_SEARCH_PATHS = "";
				INFOPLIST_FILE = "FileSystem/FileSystem-Info.plist";
				LIBRARY_SEARCH_PATHS = (
					"$(inherited)",
					"\"$(SRCROOT)/ZipKitLib\"",
				);
				OTHER_LDFLAGS = "-ObjC";
				PRODUCT_NAME = "$(TARGET_NAME)";
				PROVISIONING_PROFILE = "2847BFC8-F222-49B0-8E1B-5594894A52A0";
				"PROVISIONING_PROFILE[sdk=iphoneos*]" = "2847BFC8-F222-49B0-8E1B-5594894A52A0";
				USER_HEADER_SEARCH_PATHS = ./ZipKitLib/;
				WRAPPER_EXTENSION = app;
			};
			name = Release;
		};
/* End XCBuildConfiguration section */

/* Begin XCConfigurationList section */
		29A9EA97175DD5BC00F59A3B /* Build configuration list for PBXProject "FileSystem" */ = {
			isa = XCConfigurationList;
			buildConfigurations = (
				29A9EABD175DD5BD00F59A3B /* Debug */,
				29A9EABE175DD5BD00F59A3B /* Release */,
			);
			defaultConfigurationIsVisible = 0;
			defaultConfigurationName = Release;
		};
		29A9EABF175DD5BD00F59A3B /* Build configuration list for PBXNativeTarget "FileSystem" */ = {
			isa = XCConfigurationList;
			buildConfigurations = (
				29A9EAC0175DD5BD00F59A3B /* Debug */,
				29A9EAC1175DD5BD00F59A3B /* Release */,
			);
			defaultConfigurationIsVisible = 0;
			defaultConfigurationName = Release;
		};
/* End XCConfigurationList section */
	};
	rootObject = 29A9EA94175DD5BC00F59A3B /* Project object */;
}
